// !$*UTF8*$!
{
	archiveVersion = 1;
	classes = {
	};
	objectVersion = 90;
	objects = {

/* Begin PBXBuildFile section */
		FB16D8EA2F02645E002EB338 /* IMPLEMENTATION_GUIDE.md in Resources */ = {isa = PBXBuildFile; fileRef = FB16D8E92F02645E002EB338 /* IMPLEMENTATION_GUIDE.md */; };
		FB16DB852F027B3A002EB338 /* clean_build.sh in Resources */ = {isa = PBXBuildFile; fileRef = FB16DB842F027B3A002EB338 /* clean_build.sh */; };
		FB16DB892F027BB6002EB338 /* BUILD_FIX_GUIDE.md in Resources */ = {isa = PBXBuildFile; fileRef = FB16DB882F027BB6002EB338 /* BUILD_FIX_GUIDE.md */; };
		FB16DB8F2F027C13002EB338 /* fix_build.sh in Resources */ = {isa = PBXBuildFile; fileRef = FB16DB8E2F027C13002EB338 /* fix_build.sh */; };
		FB45EF182EC2EC0900758DFE /* CoreBluetooth.framework in Frameworks */ = {isa = PBXBuildFile; fileRef = FB45EF162EC2EC0900758DFE /* CoreBluetooth.framework */; };
		FB45EF192EC2EC0900758DFE /* CoreData.framework in Frameworks */ = {isa = PBXBuildFile; fileRef = FB45EF172EC2EC0900758DFE /* CoreData.framework */; };
		FB45EF1A2EC2EC2200758DFE /* CoreBluetooth.framework in Frameworks */ = {isa = PBXBuildFile; fileRef = FB45EF162EC2EC0900758DFE /* CoreBluetooth.framework */; };
		FB45EF272EC2ED3100758DFE /* CoreNFC.framework in Frameworks */ = {isa = PBXBuildFile; fileRef = FB45EF202EC2ED3100758DFE /* CoreNFC.framework */; };
		FB45EF282EC2ED3100758DFE /* CryptoKit.framework in Frameworks */ = {isa = PBXBuildFile; fileRef = FB45EF212EC2ED3100758DFE /* CryptoKit.framework */; };
		FB45EF292EC2ED3100758DFE /* CryptoTokenKit.framework in Frameworks */ = {isa = PBXBuildFile; fileRef = FB45EF222EC2ED3100758DFE /* CryptoTokenKit.framework */; };
		FB45EF2A2EC2ED3100758DFE /* CoreML.framework in Frameworks */ = {isa = PBXBuildFile; fileRef = FB45EF232EC2ED3100758DFE /* CoreML.framework */; };
		FB45EF2E2EC2F11800758DFE /* MSAL in Frameworks */ = {isa = PBXBuildFile; productRef = FB45EF2D2EC2F11800758DFE /* MSAL */; };
		FB45EF542EC3049800758DFE /* WorkoutKit.framework in Frameworks */ = {isa = PBXBuildFile; fileRef = FB45EF382EC303D200758DFE /* WorkoutKit.framework */; settings = {ATTRIBUTES = (Weak, ); }; };
		FB45EF582EC3049D00758DFE /* WatchConnectivity.framework in Frameworks */ = {isa = PBXBuildFile; fileRef = FB45EF442EC303D200758DFE /* WatchConnectivity.framework */; settings = {ATTRIBUTES = (Weak, ); }; };
		FB45EF5A2EC304A100758DFE /* UIKit.framework in Frameworks */ = {isa = PBXBuildFile; fileRef = FB45EF432EC303D200758DFE /* UIKit.framework */; settings = {ATTRIBUTES = (Weak, ); }; };
		FB45EF5E2EC304A600758DFE /* SwiftData.framework in Frameworks */ = {isa = PBXBuildFile; fileRef = FB45EF392EC303D200758DFE /* SwiftData.framework */; settings = {ATTRIBUTES = (Weak, ); }; };
		FB45EF602EC304A700758DFE /* SecurityUI.framework in Frameworks */ = {isa = PBXBuildFile; fileRef = FB45EF3C2EC303D200758DFE /* SecurityUI.framework */; settings = {ATTRIBUTES = (Weak, ); }; };
		FB45EF622EC304A900758DFE /* Security.framework in Frameworks */ = {isa = PBXBuildFile; fileRef = FB45EF3D2EC303D200758DFE /* Security.framework */; settings = {ATTRIBUTES = (Weak, ); }; };
		FB45EF662EC304AD00758DFE /* AuthenticationServices.framework in Frameworks */ = {isa = PBXBuildFile; fileRef = FB45EF462EC303E900758DFE /* AuthenticationServices.framework */; settings = {ATTRIBUTES = (Weak, ); }; };
		FB45F05A2EC42DB000758DFE /* WatchKit.framework in Frameworks */ = {isa = PBXBuildFile; fileRef = FB45EF3E2EC303D200758DFE /* WatchKit.framework */; };
		FB45F05D2EC42DC300758DFE /* SwiftUI.framework in Frameworks */ = {isa = PBXBuildFile; fileRef = FB45EF372EC303D200758DFE /* SwiftUI.framework */; };
		FB525B142EBC74F30058DF45 /* (null) in Frameworks */ = {isa = PBXBuildFile; };
		FB525B152EBC74F30058DF45 /* (null) in Frameworks */ = {isa = PBXBuildFile; };
		FB525D5C2EBD275A0058DF45 /* SwiftUI.framework in Frameworks */ = {isa = PBXBuildFile; fileRef = FB525D552EBD272E0058DF45 /* SwiftUI.framework */; };
		FB525D622EBD2A790058DF45 /* Auth in Frameworks */ = {isa = PBXBuildFile; productRef = FB525D612EBD2A790058DF45 /* Auth */; };
		FB525D642EBD2A790058DF45 /* Functions in Frameworks */ = {isa = PBXBuildFile; productRef = FB525D632EBD2A790058DF45 /* Functions */; };
		FB525D662EBD2A790058DF45 /* PostgREST in Frameworks */ = {isa = PBXBuildFile; productRef = FB525D652EBD2A790058DF45 /* PostgREST */; };
		FB525D682EBD2A790058DF45 /* Realtime in Frameworks */ = {isa = PBXBuildFile; productRef = FB525D672EBD2A790058DF45 /* Realtime */; };
		FB525D6A2EBD2A790058DF45 /* Storage in Frameworks */ = {isa = PBXBuildFile; productRef = FB525D692EBD2A790058DF45 /* Storage */; };
		FB8D52292EC6370800E843E4 /* WatchConnectivity.framework in Frameworks */ = {isa = PBXBuildFile; fileRef = FB8D52272EC6370300E843E4 /* WatchConnectivity.framework */; settings = {ATTRIBUTES = (Weak, ); }; };
		FB8D522A2EC6370800E843E4 /* WatchConnectivity.framework in Embed Frameworks */ = {isa = PBXBuildFile; fileRef = FB8D52272EC6370300E843E4 /* WatchConnectivity.framework */; settings = {ATTRIBUTES = (RemoveHeadersOnCopy, ); }; };
		FBF0C0BD2E70DF25005C425B /* CardiacID Watch App.app in Embed Watch Content */ = {isa = PBXBuildFile; fileRef = FBF0C0BC2E70DF25005C425B /* CardiacID Watch App.app */; settings = {ATTRIBUTES = (RemoveHeadersOnCopy, ); }; };
/* End PBXBuildFile section */

/* Begin PBXContainerItemProxy section */
		FBF0C0A72E70DF25005C425B /* PBXContainerItemProxy */ = {
			isa = PBXContainerItemProxy;
			containerPortal = FBF0C0912E70DF23005C425B /* Project object */;
			proxyType = 1;
			remoteGlobalIDString = FBF0C0982E70DF24005C425B;
			remoteInfo = CardiacID;
		};
		FBF0C0B12E70DF25005C425B /* PBXContainerItemProxy */ = {
			isa = PBXContainerItemProxy;
			containerPortal = FBF0C0912E70DF23005C425B /* Project object */;
			proxyType = 1;
			remoteGlobalIDString = FBF0C0982E70DF24005C425B;
			remoteInfo = CardiacID;
		};
		FBF0C0BE2E70DF25005C425B /* PBXContainerItemProxy */ = {
			isa = PBXContainerItemProxy;
			containerPortal = FBF0C0912E70DF23005C425B /* Project object */;
			proxyType = 1;
			remoteGlobalIDString = FBF0C0BB2E70DF25005C425B;
			remoteInfo = "CardiacID Watch App";
		};
		FBF0C0CC2E70DF27005C425B /* PBXContainerItemProxy */ = {
			isa = PBXContainerItemProxy;
			containerPortal = FBF0C0912E70DF23005C425B /* Project object */;
			proxyType = 1;
			remoteGlobalIDString = FBF0C0BB2E70DF25005C425B;
			remoteInfo = "CardiacID Watch App";
		};
		FBF0C0D62E70DF27005C425B /* PBXContainerItemProxy */ = {
			isa = PBXContainerItemProxy;
			containerPortal = FBF0C0912E70DF23005C425B /* Project object */;
			proxyType = 1;
			remoteGlobalIDString = FBF0C0BB2E70DF25005C425B;
			remoteInfo = "CardiacID Watch App";
		};
/* End PBXContainerItemProxy section */

/* Begin PBXCopyFilesBuildPhase section */
		FB8D522B2EC6370800E843E4 /* Embed Frameworks */ = {
			isa = PBXCopyFilesBuildPhase;
			dstPath = "";
			dstSubfolder = Frameworks;
			files = (
				FB8D522A2EC6370800E843E4 /* WatchConnectivity.framework in Embed Frameworks */,
			);
			name = "Embed Frameworks";
			runOnlyForDeploymentPostprocessing = 1;
		};
		FBF0C0E22E70DF27005C425B /* Embed Watch Content */ = {
			isa = PBXCopyFilesBuildPhase;
			dstPath = "$(CONTENTS_FOLDER_PATH)/Watch";
			dstSubfolder = Product;
			files = (
				FBF0C0BD2E70DF25005C425B /* CardiacID Watch App.app in Embed Watch Content */,
			);
			name = "Embed Watch Content";
		};
/* End PBXCopyFilesBuildPhase section */

/* Begin PBXFileReference section */
		FB16D8E92F02645E002EB338 /* IMPLEMENTATION_GUIDE.md */ = {isa = PBXFileReference; lastKnownFileType = net.daringfireball.markdown; path = IMPLEMENTATION_GUIDE.md; sourceTree = "<group>"; };
		FB16DB842F027B3A002EB338 /* clean_build.sh */ = {isa = PBXFileReference; lastKnownFileType = text.script.sh; path = clean_build.sh; sourceTree = "<group>"; };
		FB16DB882F027BB6002EB338 /* BUILD_FIX_GUIDE.md */ = {isa = PBXFileReference; lastKnownFileType = net.daringfireball.markdown; path = BUILD_FIX_GUIDE.md; sourceTree = "<group>"; };
		FB16DB8E2F027C13002EB338 /* fix_build.sh */ = {isa = PBXFileReference; lastKnownFileType = text.script.sh; path = fix_build.sh; sourceTree = "<group>"; };
		FB45EF162EC2EC0900758DFE /* CoreBluetooth.framework */ = {isa = PBXFileReference; lastKnownFileType = wrapper.framework; name = CoreBluetooth.framework; path = Platforms/iPhoneOS.platform/Developer/SDKs/iPhoneOS26.1.sdk/System/Library/Frameworks/CoreBluetooth.framework; sourceTree = DEVELOPER_DIR; };
		FB45EF172EC2EC0900758DFE /* CoreData.framework */ = {isa = PBXFileReference; lastKnownFileType = wrapper.framework; name = CoreData.framework; path = Platforms/iPhoneOS.platform/Developer/SDKs/iPhoneOS26.1.sdk/System/Library/Frameworks/CoreData.framework; sourceTree = DEVELOPER_DIR; };
		FB45EF1E2EC2ED3100758DFE /* MobileCoreServices.framework */ = {isa = PBXFileReference; lastKnownFileType = wrapper.framework; name = MobileCoreServices.framework; path = Platforms/iPhoneOS.platform/Developer/SDKs/iPhoneOS26.1.sdk/System/Library/Frameworks/MobileCoreServices.framework; sourceTree = DEVELOPER_DIR; };
		FB45EF1F2EC2ED3100758DFE /* Security.framework */ = {isa = PBXFileReference; lastKnownFileType = wrapper.framework; name = Security.framework; path = Platforms/iPhoneOS.platform/Developer/SDKs/iPhoneOS26.1.sdk/System/Library/Frameworks/Security.framework; sourceTree = DEVELOPER_DIR; };
		FB45EF202EC2ED3100758DFE /* CoreNFC.framework */ = {isa = PBXFileReference; lastKnownFileType = wrapper.framework; name = CoreNFC.framework; path = Platforms/iPhoneOS.platform/Developer/SDKs/iPhoneOS26.1.sdk/System/Library/Frameworks/CoreNFC.framework; sourceTree = DEVELOPER_DIR; };
		FB45EF212EC2ED3100758DFE /* CryptoKit.framework */ = {isa = PBXFileReference; lastKnownFileType = wrapper.framework; name = CryptoKit.framework; path = Platforms/iPhoneOS.platform/Developer/SDKs/iPhoneOS26.1.sdk/System/Library/Frameworks/CryptoKit.framework; sourceTree = DEVELOPER_DIR; };
		FB45EF222EC2ED3100758DFE /* CryptoTokenKit.framework */ = {isa = PBXFileReference; lastKnownFileType = wrapper.framework; name = CryptoTokenKit.framework; path = Platforms/iPhoneOS.platform/Developer/SDKs/iPhoneOS26.1.sdk/System/Library/Frameworks/CryptoTokenKit.framework; sourceTree = DEVELOPER_DIR; };
		FB45EF232EC2ED3100758DFE /* CoreML.framework */ = {isa = PBXFileReference; lastKnownFileType = wrapper.framework; name = CoreML.framework; path = Platforms/iPhoneOS.platform/Developer/SDKs/iPhoneOS26.1.sdk/System/Library/Frameworks/CoreML.framework; sourceTree = DEVELOPER_DIR; };
		FB45EF242EC2ED3100758DFE /* SwiftData.framework */ = {isa = PBXFileReference; lastKnownFileType = wrapper.framework; name = SwiftData.framework; path = Platforms/iPhoneOS.platform/Developer/SDKs/iPhoneOS26.1.sdk/System/Library/Frameworks/SwiftData.framework; sourceTree = DEVELOPER_DIR; };
		FB45EF372EC303D200758DFE /* SwiftUI.framework */ = {isa = PBXFileReference; lastKnownFileType = wrapper.framework; name = SwiftUI.framework; path = Platforms/WatchOS.platform/Developer/SDKs/WatchOS26.1.sdk/System/Library/Frameworks/SwiftUI.framework; sourceTree = DEVELOPER_DIR; };
		FB45EF382EC303D200758DFE /* WorkoutKit.framework */ = {isa = PBXFileReference; lastKnownFileType = wrapper.framework; name = WorkoutKit.framework; path = Platforms/WatchOS.platform/Developer/SDKs/WatchOS26.1.sdk/System/Library/Frameworks/WorkoutKit.framework; sourceTree = DEVELOPER_DIR; };
		FB45EF392EC303D200758DFE /* SwiftData.framework */ = {isa = PBXFileReference; lastKnownFileType = wrapper.framework; name = SwiftData.framework; path = Platforms/WatchOS.platform/Developer/SDKs/WatchOS26.1.sdk/System/Library/Frameworks/SwiftData.framework; sourceTree = DEVELOPER_DIR; };
		FB45EF3A2EC303D200758DFE /* MobileCoreServices.framework */ = {isa = PBXFileReference; lastKnownFileType = wrapper.framework; name = MobileCoreServices.framework; path = Platforms/WatchOS.platform/Developer/SDKs/WatchOS26.1.sdk/System/Library/Frameworks/MobileCoreServices.framework; sourceTree = DEVELOPER_DIR; };
		FB45EF3B2EC303D200758DFE /* CoreML.framework */ = {isa = PBXFileReference; lastKnownFileType = wrapper.framework; name = CoreML.framework; path = Platforms/WatchOS.platform/Developer/SDKs/WatchOS26.1.sdk/System/Library/Frameworks/CoreML.framework; sourceTree = DEVELOPER_DIR; };
		FB45EF3C2EC303D200758DFE /* SecurityUI.framework */ = {isa = PBXFileReference; lastKnownFileType = wrapper.framework; name = SecurityUI.framework; path = Platforms/WatchOS.platform/Developer/SDKs/WatchOS26.1.sdk/System/Library/Frameworks/SecurityUI.framework; sourceTree = DEVELOPER_DIR; };
		FB45EF3D2EC303D200758DFE /* Security.framework */ = {isa = PBXFileReference; lastKnownFileType = wrapper.framework; name = Security.framework; path = Platforms/WatchOS.platform/Developer/SDKs/WatchOS26.1.sdk/System/Library/Frameworks/Security.framework; sourceTree = DEVELOPER_DIR; };
		FB45EF3E2EC303D200758DFE /* WatchKit.framework */ = {isa = PBXFileReference; lastKnownFileType = wrapper.framework; name = WatchKit.framework; path = Platforms/WatchOS.platform/Developer/SDKs/WatchOS26.1.sdk/System/Library/Frameworks/WatchKit.framework; sourceTree = DEVELOPER_DIR; };
		FB45EF3F2EC303D200758DFE /* CoreBluetooth.framework */ = {isa = PBXFileReference; lastKnownFileType = wrapper.framework; name = CoreBluetooth.framework; path = Platforms/WatchOS.platform/Developer/SDKs/WatchOS26.1.sdk/System/Library/Frameworks/CoreBluetooth.framework; sourceTree = DEVELOPER_DIR; };
		FB45EF402EC303D200758DFE /* CryptoKit.framework */ = {isa = PBXFileReference; lastKnownFileType = wrapper.framework; name = CryptoKit.framework; path = Platforms/WatchOS.platform/Developer/SDKs/WatchOS26.1.sdk/System/Library/Frameworks/CryptoKit.framework; sourceTree = DEVELOPER_DIR; };
		FB45EF412EC303D200758DFE /* XcodeKit.framework */ = {isa = PBXFileReference; lastKnownFileType = wrapper.framework; name = XcodeKit.framework; path = Library/Frameworks/XcodeKit.framework; sourceTree = DEVELOPER_DIR; };
		FB45EF422EC303D200758DFE /* CryptoTokenKit.framework */ = {isa = PBXFileReference; lastKnownFileType = wrapper.framework; name = CryptoTokenKit.framework; path = Platforms/WatchOS.platform/Developer/SDKs/WatchOS26.1.sdk/System/Library/Frameworks/CryptoTokenKit.framework; sourceTree = DEVELOPER_DIR; };
		FB45EF432EC303D200758DFE /* UIKit.framework */ = {isa = PBXFileReference; lastKnownFileType = wrapper.framework; name = UIKit.framework; path = Platforms/WatchOS.platform/Developer/SDKs/WatchOS26.1.sdk/System/Library/Frameworks/UIKit.framework; sourceTree = DEVELOPER_DIR; };
		FB45EF442EC303D200758DFE /* WatchConnectivity.framework */ = {isa = PBXFileReference; lastKnownFileType = wrapper.framework; name = WatchConnectivity.framework; path = Platforms/WatchOS.platform/Developer/SDKs/WatchOS26.1.sdk/System/Library/Frameworks/WatchConnectivity.framework; sourceTree = DEVELOPER_DIR; };
		FB45EF452EC303D200758DFE /* libswiftWatchKit.tbd */ = {isa = PBXFileReference; lastKnownFileType = "sourcecode.text-based-dylib-definition"; name = libswiftWatchKit.tbd; path = Platforms/WatchOS.platform/Developer/SDKs/WatchOS26.1.sdk/usr/lib/swift/libswiftWatchKit.tbd; sourceTree = DEVELOPER_DIR; };
		FB45EF462EC303E900758DFE /* AuthenticationServices.framework */ = {isa = PBXFileReference; lastKnownFileType = wrapper.framework; name = AuthenticationServices.framework; path = Platforms/WatchOS.platform/Developer/SDKs/WatchOS26.1.sdk/System/Library/Frameworks/AuthenticationServices.framework; sourceTree = DEVELOPER_DIR; };
		FB525D532EBD272E0058DF45 /* UIKit.framework */ = {isa = PBXFileReference; lastKnownFileType = wrapper.framework; name = UIKit.framework; path = Platforms/iPhoneOS.platform/Developer/SDKs/iPhoneOS26.1.sdk/System/Library/Frameworks/UIKit.framework; sourceTree = DEVELOPER_DIR; };
		FB525D542EBD272E0058DF45 /* SecurityUI.framework */ = {isa = PBXFileReference; lastKnownFileType = wrapper.framework; name = SecurityUI.framework; path = Platforms/iPhoneOS.platform/Developer/SDKs/iPhoneOS26.1.sdk/System/Library/Frameworks/SecurityUI.framework; sourceTree = DEVELOPER_DIR; };
		FB525D552EBD272E0058DF45 /* SwiftUI.framework */ = {isa = PBXFileReference; lastKnownFileType = wrapper.framework; name = SwiftUI.framework; path = Platforms/iPhoneOS.platform/Developer/SDKs/iPhoneOS26.1.sdk/System/Library/Frameworks/SwiftUI.framework; sourceTree = DEVELOPER_DIR; };
		FB8D52272EC6370300E843E4 /* WatchConnectivity.framework */ = {isa = PBXFileReference; lastKnownFileType = wrapper.framework; name = WatchConnectivity.framework; path = Platforms/iPhoneOS.platform/Developer/SDKs/iPhoneOS26.1.sdk/System/Library/Frameworks/WatchConnectivity.framework; sourceTree = DEVELOPER_DIR; };
		FBF0C0992E70DF24005C425B /* CardiacID.app */ = {isa = PBXFileReference; explicitFileType = wrapper.application; includeInIndex = 0; path = CardiacID.app; sourceTree = BUILT_PRODUCTS_DIR; };
		FBF0C0A62E70DF25005C425B /* CardiacIDTests.xctest */ = {isa = PBXFileReference; explicitFileType = wrapper.cfbundle; includeInIndex = 0; path = CardiacIDTests.xctest; sourceTree = BUILT_PRODUCTS_DIR; };
		FBF0C0B02E70DF25005C425B /* CardiacIDUITests.xctest */ = {isa = PBXFileReference; explicitFileType = wrapper.cfbundle; includeInIndex = 0; path = CardiacIDUITests.xctest; sourceTree = BUILT_PRODUCTS_DIR; };
		FBF0C0BC2E70DF25005C425B /* CardiacID Watch App.app */ = {isa = PBXFileReference; explicitFileType = wrapper.application; includeInIndex = 0; path = "CardiacID Watch App.app"; sourceTree = BUILT_PRODUCTS_DIR; };
		FBF0C0CB2E70DF27005C425B /* CardiacID Watch AppTests.xctest */ = {isa = PBXFileReference; explicitFileType = wrapper.cfbundle; includeInIndex = 0; path = "CardiacID Watch AppTests.xctest"; sourceTree = BUILT_PRODUCTS_DIR; };
		FBF0C0D52E70DF27005C425B /* CardiacID Watch AppUITests.xctest */ = {isa = PBXFileReference; explicitFileType = wrapper.cfbundle; includeInIndex = 0; path = "CardiacID Watch AppUITests.xctest"; sourceTree = BUILT_PRODUCTS_DIR; };
/* End PBXFileReference section */

/* Begin PBXFileSystemSynchronizedBuildFileExceptionSet section */
		FB5F5BE82F10B0E000BAACDA /* Exceptions for "CardiacID" folder in "CardiacID" target */ = {
			isa = PBXFileSystemSynchronizedBuildFileExceptionSet;
			membershipExceptions = (
				Info.plist,
			);
			target = FBF0C0982E70DF24005C425B /* CardiacID */;
		};
		FB84559B2F038909009DF160 /* Exceptions for "CardiacID" folder in "CardiacID Watch App" target */ = {
			isa = PBXFileSystemSynchronizedBuildFileExceptionSet;
			membershipExceptions = (
				Services/SecureCredentialManager.swift,
			);
			target = FBF0C0BB2E70DF25005C425B /* CardiacID Watch App */;
		};
/* End PBXFileSystemSynchronizedBuildFileExceptionSet section */

/* Begin PBXFileSystemSynchronizedRootGroup section */
		FBF0C09B2E70DF24005C425B /* CardiacID */ = {
			isa = PBXFileSystemSynchronizedRootGroup;
			exceptions = (
				FB5F5BE82F10B0E000BAACDA /* Exceptions for "CardiacID" folder in "CardiacID" target */,
				FB84559B2F038909009DF160 /* Exceptions for "CardiacID" folder in "CardiacID Watch App" target */,
			);
			path = CardiacID;
			sourceTree = "<group>";
		};
		FBF0C0A92E70DF25005C425B /* CardiacIDTests */ = {
			isa = PBXFileSystemSynchronizedRootGroup;
			path = CardiacIDTests;
			sourceTree = "<group>";
		};
		FBF0C0B32E70DF25005C425B /* CardiacIDUITests */ = {
			isa = PBXFileSystemSynchronizedRootGroup;
			path = CardiacIDUITests;
			sourceTree = "<group>";
		};
		FBF0C0C02E70DF25005C425B /* CardiacID Watch App */ = {
			isa = PBXFileSystemSynchronizedRootGroup;
			path = "CardiacID Watch App";
			sourceTree = "<group>";
		};
		FBF0C0CE2E70DF27005C425B /* CardiacID Watch AppTests */ = {
			isa = PBXFileSystemSynchronizedRootGroup;
			path = "CardiacID Watch AppTests";
			sourceTree = "<group>";
		};
		FBF0C0D82E70DF27005C425B /* CardiacID Watch AppUITests */ = {
			isa = PBXFileSystemSynchronizedRootGroup;
			path = "CardiacID Watch AppUITests";
			sourceTree = "<group>";
		};
/* End PBXFileSystemSynchronizedRootGroup section */

/* Begin PBXFrameworksBuildPhase section */
		FBF0C0962E70DF24005C425B /* Frameworks */ = {
			isa = PBXFrameworksBuildPhase;
			files = (
				FB525B152EBC74F30058DF45 /* (null) in Frameworks */,
				FB45EF1A2EC2EC2200758DFE /* CoreBluetooth.framework in Frameworks */,
				FB525B142EBC74F30058DF45 /* (null) in Frameworks */,
				FB45EF182EC2EC0900758DFE /* CoreBluetooth.framework in Frameworks */,
				FB8D52292EC6370800E843E4 /* WatchConnectivity.framework in Frameworks */,
				FB45EF282EC2ED3100758DFE /* CryptoKit.framework in Frameworks */,
				FB45EF272EC2ED3100758DFE /* CoreNFC.framework in Frameworks */,
				FB45EF192EC2EC0900758DFE /* CoreData.framework in Frameworks */,
				FB45EF2A2EC2ED3100758DFE /* CoreML.framework in Frameworks */,
				FB525D5C2EBD275A0058DF45 /* SwiftUI.framework in Frameworks */,
				FB45EF2E2EC2F11800758DFE /* MSAL in Frameworks */,
				FB45EF292EC2ED3100758DFE /* CryptoTokenKit.framework in Frameworks */,
			);
		};
		FBF0C0A32E70DF25005C425B /* Frameworks */ = {
			isa = PBXFrameworksBuildPhase;
			files = (
			);
		};
		FBF0C0AD2E70DF25005C425B /* Frameworks */ = {
			isa = PBXFrameworksBuildPhase;
			files = (
			);
		};
		FBF0C0B92E70DF25005C425B /* Frameworks */ = {
			isa = PBXFrameworksBuildPhase;
			files = (
				FB525D662EBD2A790058DF45 /* PostgREST in Frameworks */,
				FB45EF602EC304A700758DFE /* SecurityUI.framework in Frameworks */,
				FB45EF542EC3049800758DFE /* WorkoutKit.framework in Frameworks */,
				FB45F05A2EC42DB000758DFE /* WatchKit.framework in Frameworks */,
				FB525D642EBD2A790058DF45 /* Functions in Frameworks */,
				FB525D622EBD2A790058DF45 /* Auth in Frameworks */,
				FB45EF582EC3049D00758DFE /* WatchConnectivity.framework in Frameworks */,
				FB45EF5E2EC304A600758DFE /* SwiftData.framework in Frameworks */,
				FB45EF5A2EC304A100758DFE /* UIKit.framework in Frameworks */,
				FB525D6A2EBD2A790058DF45 /* Storage in Frameworks */,
				FB45F05D2EC42DC300758DFE /* SwiftUI.framework in Frameworks */,
				FB45EF662EC304AD00758DFE /* AuthenticationServices.framework in Frameworks */,
				FB45EF622EC304A900758DFE /* Security.framework in Frameworks */,
				FB525D682EBD2A790058DF45 /* Realtime in Frameworks */,
			);
		};
		FBF0C0C82E70DF27005C425B /* Frameworks */ = {
			isa = PBXFrameworksBuildPhase;
			files = (
			);
		};
		FBF0C0D22E70DF27005C425B /* Frameworks */ = {
			isa = PBXFrameworksBuildPhase;
			files = (
			);
		};
/* End PBXFrameworksBuildPhase section */

/* Begin PBXGroup section */
		FB525D322EBC7E7B0058DF45 /* Frameworks */ = {
			isa = PBXGroup;
			children = (
				FB8D52272EC6370300E843E4 /* WatchConnectivity.framework */,
				FB45EF462EC303E900758DFE /* AuthenticationServices.framework */,
				FB45EF3F2EC303D200758DFE /* CoreBluetooth.framework */,
				FB45EF232EC2ED3100758DFE /* CoreML.framework */,
				FB45EF3B2EC303D200758DFE /* CoreML.framework */,
				FB45EF402EC303D200758DFE /* CryptoKit.framework */,
				FB45EF422EC303D200758DFE /* CryptoTokenKit.framework */,
				FB45EF452EC303D200758DFE /* libswiftWatchKit.tbd */,
				FB45EF3A2EC303D200758DFE /* MobileCoreServices.framework */,
				FB45EF3D2EC303D200758DFE /* Security.framework */,
				FB45EF3C2EC303D200758DFE /* SecurityUI.framework */,
				FB45EF392EC303D200758DFE /* SwiftData.framework */,
				FB45EF372EC303D200758DFE /* SwiftUI.framework */,
				FB45EF432EC303D200758DFE /* UIKit.framework */,
				FB45EF442EC303D200758DFE /* WatchConnectivity.framework */,
				FB45EF3E2EC303D200758DFE /* WatchKit.framework */,
				FB45EF382EC303D200758DFE /* WorkoutKit.framework */,
				FB45EF412EC303D200758DFE /* XcodeKit.framework */,
				FB45EF202EC2ED3100758DFE /* CoreNFC.framework */,
				FB45EF212EC2ED3100758DFE /* CryptoKit.framework */,
				FB45EF222EC2ED3100758DFE /* CryptoTokenKit.framework */,
				FB45EF1E2EC2ED3100758DFE /* MobileCoreServices.framework */,
				FB45EF1F2EC2ED3100758DFE /* Security.framework */,
				FB45EF242EC2ED3100758DFE /* SwiftData.framework */,
				FB45EF162EC2EC0900758DFE /* CoreBluetooth.framework */,
				FB45EF172EC2EC0900758DFE /* CoreData.framework */,
				FB525D542EBD272E0058DF45 /* SecurityUI.framework */,
				FB525D552EBD272E0058DF45 /* SwiftUI.framework */,
				FB525D532EBD272E0058DF45 /* UIKit.framework */,
			);
			name = Frameworks;
			sourceTree = "<group>";
		};
		FBF0C0902E70DF23005C425B = {
			isa = PBXGroup;
			children = (
				FBF0C09B2E70DF24005C425B /* CardiacID */,
				FBF0C0A92E70DF25005C425B /* CardiacIDTests */,
				FBF0C0B32E70DF25005C425B /* CardiacIDUITests */,
				FBF0C0C02E70DF25005C425B /* CardiacID Watch App */,
				FBF0C0CE2E70DF27005C425B /* CardiacID Watch AppTests */,
				FBF0C0D82E70DF27005C425B /* CardiacID Watch AppUITests */,
				FB525D322EBC7E7B0058DF45 /* Frameworks */,
				FBF0C09A2E70DF24005C425B /* Products */,
				FB16D8E92F02645E002EB338 /* IMPLEMENTATION_GUIDE.md */,
				FB16DB842F027B3A002EB338 /* clean_build.sh */,
				FB16DB882F027BB6002EB338 /* BUILD_FIX_GUIDE.md */,
				FB16DB8E2F027C13002EB338 /* fix_build.sh */,
			);
			sourceTree = "<group>";
		};
		FBF0C09A2E70DF24005C425B /* Products */ = {
			isa = PBXGroup;
			children = (
				FBF0C0992E70DF24005C425B /* CardiacID.app */,
				FBF0C0A62E70DF25005C425B /* CardiacIDTests.xctest */,
				FBF0C0B02E70DF25005C425B /* CardiacIDUITests.xctest */,
				FBF0C0BC2E70DF25005C425B /* CardiacID Watch App.app */,
				FBF0C0CB2E70DF27005C425B /* CardiacID Watch AppTests.xctest */,
				FBF0C0D52E70DF27005C425B /* CardiacID Watch AppUITests.xctest */,
			);
			name = Products;
			sourceTree = "<group>";
		};
/* End PBXGroup section */

/* Begin PBXNativeTarget section */
		FBF0C0982E70DF24005C425B /* CardiacID */ = {
			isa = PBXNativeTarget;
			buildConfigurationList = FBF0C0E32E70DF27005C425B /* Build configuration list for PBXNativeTarget "CardiacID" */;
			buildPhases = (
				FBF0C0952E70DF24005C425B /* Sources */,
				FBF0C0962E70DF24005C425B /* Frameworks */,
				FBF0C0972E70DF24005C425B /* Resources */,
				FBF0C0E22E70DF27005C425B /* Embed Watch Content */,
				FB8D522B2EC6370800E843E4 /* Embed Frameworks */,
			);
			buildRules = (
			);
			dependencies = (
				FBF0C0BF2E70DF25005C425B /* PBXTargetDependency */,
			);
			fileSystemSynchronizedGroups = (
				FBF0C09B2E70DF24005C425B /* CardiacID */,
			);
			name = CardiacID;
			packageProductDependencies = (
				FB45EF2D2EC2F11800758DFE /* MSAL */,
			);
			productName = CardiacID;
			productReference = FBF0C0992E70DF24005C425B /* CardiacID.app */;
			productType = "com.apple.product-type.application";
		};
		FBF0C0A52E70DF25005C425B /* CardiacIDTests */ = {
			isa = PBXNativeTarget;
			buildConfigurationList = FBF0C0E62E70DF27005C425B /* Build configuration list for PBXNativeTarget "CardiacIDTests" */;
			buildPhases = (
				FBF0C0A22E70DF25005C425B /* Sources */,
				FBF0C0A32E70DF25005C425B /* Frameworks */,
				FBF0C0A42E70DF25005C425B /* Resources */,
			);
			buildRules = (
			);
			dependencies = (
				FBF0C0A82E70DF25005C425B /* PBXTargetDependency */,
			);
			fileSystemSynchronizedGroups = (
				FBF0C0A92E70DF25005C425B /* CardiacIDTests */,
			);
			name = CardiacIDTests;
			productName = CardiacIDTests;
			productReference = FBF0C0A62E70DF25005C425B /* CardiacIDTests.xctest */;
			productType = "com.apple.product-type.bundle.unit-test";
		};
		FBF0C0AF2E70DF25005C425B /* CardiacIDUITests */ = {
			isa = PBXNativeTarget;
			buildConfigurationList = FBF0C0E92E70DF27005C425B /* Build configuration list for PBXNativeTarget "CardiacIDUITests" */;
			buildPhases = (
				FBF0C0AC2E70DF25005C425B /* Sources */,
				FBF0C0AD2E70DF25005C425B /* Frameworks */,
				FBF0C0AE2E70DF25005C425B /* Resources */,
			);
			buildRules = (
			);
			dependencies = (
				FBF0C0B22E70DF25005C425B /* PBXTargetDependency */,
			);
			fileSystemSynchronizedGroups = (
				FBF0C0B32E70DF25005C425B /* CardiacIDUITests */,
			);
			name = CardiacIDUITests;
			productName = CardiacIDUITests;
			productReference = FBF0C0B02E70DF25005C425B /* CardiacIDUITests.xctest */;
			productType = "com.apple.product-type.bundle.ui-testing";
		};
		FBF0C0BB2E70DF25005C425B /* CardiacID Watch App */ = {
			isa = PBXNativeTarget;
			buildConfigurationList = FBF0C0DF2E70DF27005C425B /* Build configuration list for PBXNativeTarget "CardiacID Watch App" */;
			buildPhases = (
				FBF0C0B82E70DF25005C425B /* Sources */,
				FBF0C0B92E70DF25005C425B /* Frameworks */,
				FBF0C0BA2E70DF25005C425B /* Resources */,
			);
			buildRules = (
			);
			fileSystemSynchronizedGroups = (
				FBF0C0C02E70DF25005C425B /* CardiacID Watch App */,
			);
			name = "CardiacID Watch App";
			packageProductDependencies = (
				FB525D612EBD2A790058DF45 /* Auth */,
				FB525D632EBD2A790058DF45 /* Functions */,
				FB525D652EBD2A790058DF45 /* PostgREST */,
				FB525D672EBD2A790058DF45 /* Realtime */,
				FB525D692EBD2A790058DF45 /* Storage */,
			);
			productName = "CardiacID Watch App";
			productReference = FBF0C0BC2E70DF25005C425B /* CardiacID Watch App.app */;
			productType = "com.apple.product-type.application";
		};
		FBF0C0CA2E70DF27005C425B /* CardiacID Watch AppTests */ = {
			isa = PBXNativeTarget;
			buildConfigurationList = FBF0C0EC2E70DF27005C425B /* Build configuration list for PBXNativeTarget "CardiacID Watch AppTests" */;
			buildPhases = (
				FBF0C0C72E70DF27005C425B /* Sources */,
				FBF0C0C82E70DF27005C425B /* Frameworks */,
				FBF0C0C92E70DF27005C425B /* Resources */,
			);
			buildRules = (
			);
			dependencies = (
				FBF0C0CD2E70DF27005C425B /* PBXTargetDependency */,
			);
			fileSystemSynchronizedGroups = (
				FBF0C0CE2E70DF27005C425B /* CardiacID Watch AppTests */,
			);
			name = "CardiacID Watch AppTests";
			productName = "CardiacID Watch AppTests";
			productReference = FBF0C0CB2E70DF27005C425B /* CardiacID Watch AppTests.xctest */;
			productType = "com.apple.product-type.bundle.unit-test";
		};
		FBF0C0D42E70DF27005C425B /* CardiacID Watch AppUITests */ = {
			isa = PBXNativeTarget;
			buildConfigurationList = FBF0C0EF2E70DF27005C425B /* Build configuration list for PBXNativeTarget "CardiacID Watch AppUITests" */;
			buildPhases = (
				FBF0C0D12E70DF27005C425B /* Sources */,
				FBF0C0D22E70DF27005C425B /* Frameworks */,
				FBF0C0D32E70DF27005C425B /* Resources */,
			);
			buildRules = (
			);
			dependencies = (
				FBF0C0D72E70DF27005C425B /* PBXTargetDependency */,
			);
			fileSystemSynchronizedGroups = (
				FBF0C0D82E70DF27005C425B /* CardiacID Watch AppUITests */,
			);
			name = "CardiacID Watch AppUITests";
			productName = "CardiacID Watch AppUITests";
			productReference = FBF0C0D52E70DF27005C425B /* CardiacID Watch AppUITests.xctest */;
			productType = "com.apple.product-type.bundle.ui-testing";
		};
/* End PBXNativeTarget section */

/* Begin PBXProject section */
		FBF0C0912E70DF23005C425B /* Project object */ = {
			isa = PBXProject;
			attributes = {
				BuildIndependentTargetsInParallel = 1;
				LastSwiftUpdateCheck = 1640;
				LastUpgradeCheck = 1640;
				TargetAttributes = {
					FBF0C0982E70DF24005C425B = {
						CreatedOnToolsVersion = 16.4;
					};
					FBF0C0A52E70DF25005C425B = {
						CreatedOnToolsVersion = 16.4;
						TestTargetID = FBF0C0982E70DF24005C425B;
					};
					FBF0C0AF2E70DF25005C425B = {
						CreatedOnToolsVersion = 16.4;
						TestTargetID = FBF0C0982E70DF24005C425B;
					};
					FBF0C0BB2E70DF25005C425B = {
						CreatedOnToolsVersion = 16.4;
					};
					FBF0C0CA2E70DF27005C425B = {
						CreatedOnToolsVersion = 16.4;
						TestTargetID = FBF0C0BB2E70DF25005C425B;
					};
					FBF0C0D42E70DF27005C425B = {
						CreatedOnToolsVersion = 16.4;
						TestTargetID = FBF0C0BB2E70DF25005C425B;
					};
				};
			};
			buildConfigurationList = FBF0C0942E70DF23005C425B /* Build configuration list for PBXProject "CardiacID" */;
			developmentRegion = en;
			hasScannedForEncodings = 0;
			knownRegions = (
				en,
				Base,
			);
			mainGroup = FBF0C0902E70DF23005C425B;
			minimizedProjectReferenceProxies = 1;
			packageReferences = (
				FB525D402EBD23DC0058DF45 /* XCRemoteSwiftPackageReference "supabase-swift" */,
				FB45EF2C2EC2F11800758DFE /* XCRemoteSwiftPackageReference "microsoft-authentication-library-for-objc" */,
			);
			preferredProjectObjectVersion = 90;
			productRefGroup = FBF0C09A2E70DF24005C425B /* Products */;
			projectDirPath = "";
			projectRoot = "";
			targets = (
				FBF0C0982E70DF24005C425B /* CardiacID */,
				FBF0C0A52E70DF25005C425B /* CardiacIDTests */,
				FBF0C0AF2E70DF25005C425B /* CardiacIDUITests */,
				FBF0C0BB2E70DF25005C425B /* CardiacID Watch App */,
				FBF0C0CA2E70DF27005C425B /* CardiacID Watch AppTests */,
				FBF0C0D42E70DF27005C425B /* CardiacID Watch AppUITests */,
			);
		};
/* End PBXProject section */

/* Begin PBXResourcesBuildPhase section */
		FBF0C0972E70DF24005C425B /* Resources */ = {
			isa = PBXResourcesBuildPhase;
			files = (
				FB16DB852F027B3A002EB338 /* clean_build.sh in Resources */,
				FB16DB8F2F027C13002EB338 /* fix_build.sh in Resources */,
				FB16D8EA2F02645E002EB338 /* IMPLEMENTATION_GUIDE.md in Resources */,
				FB16DB892F027BB6002EB338 /* BUILD_FIX_GUIDE.md in Resources */,
			);
		};
		FBF0C0A42E70DF25005C425B /* Resources */ = {
			isa = PBXResourcesBuildPhase;
			files = (
			);
		};
		FBF0C0AE2E70DF25005C425B /* Resources */ = {
			isa = PBXResourcesBuildPhase;
			files = (
			);
		};
		FBF0C0BA2E70DF25005C425B /* Resources */ = {
			isa = PBXResourcesBuildPhase;
			files = (
			);
		};
		FBF0C0C92E70DF27005C425B /* Resources */ = {
			isa = PBXResourcesBuildPhase;
			files = (
			);
		};
		FBF0C0D32E70DF27005C425B /* Resources */ = {
			isa = PBXResourcesBuildPhase;
			files = (
			);
		};
/* End PBXResourcesBuildPhase section */

/* Begin PBXSourcesBuildPhase section */
		FBF0C0952E70DF24005C425B /* Sources */ = {
			isa = PBXSourcesBuildPhase;
			files = (
			);
		};
		FBF0C0A22E70DF25005C425B /* Sources */ = {
			isa = PBXSourcesBuildPhase;
			files = (
			);
		};
		FBF0C0AC2E70DF25005C425B /* Sources */ = {
			isa = PBXSourcesBuildPhase;
			files = (
			);
		};
		FBF0C0B82E70DF25005C425B /* Sources */ = {
			isa = PBXSourcesBuildPhase;
			files = (
			);
		};
		FBF0C0C72E70DF27005C425B /* Sources */ = {
			isa = PBXSourcesBuildPhase;
			files = (
			);
		};
		FBF0C0D12E70DF27005C425B /* Sources */ = {
			isa = PBXSourcesBuildPhase;
			files = (
			);
		};
/* End PBXSourcesBuildPhase section */

/* Begin PBXTargetDependency section */
		FBF0C0A82E70DF25005C425B /* PBXTargetDependency */ = {
			isa = PBXTargetDependency;
			target = FBF0C0982E70DF24005C425B /* CardiacID */;
			targetProxy = FBF0C0A72E70DF25005C425B /* PBXContainerItemProxy */;
		};
		FBF0C0B22E70DF25005C425B /* PBXTargetDependency */ = {
			isa = PBXTargetDependency;
			target = FBF0C0982E70DF24005C425B /* CardiacID */;
			targetProxy = FBF0C0B12E70DF25005C425B /* PBXContainerItemProxy */;
		};
		FBF0C0BF2E70DF25005C425B /* PBXTargetDependency */ = {
			isa = PBXTargetDependency;
			target = FBF0C0BB2E70DF25005C425B /* CardiacID Watch App */;
			targetProxy = FBF0C0BE2E70DF25005C425B /* PBXContainerItemProxy */;
		};
		FBF0C0CD2E70DF27005C425B /* PBXTargetDependency */ = {
			isa = PBXTargetDependency;
			target = FBF0C0BB2E70DF25005C425B /* CardiacID Watch App */;
			targetProxy = FBF0C0CC2E70DF27005C425B /* PBXContainerItemProxy */;
		};
		FBF0C0D72E70DF27005C425B /* PBXTargetDependency */ = {
			isa = PBXTargetDependency;
			target = FBF0C0BB2E70DF25005C425B /* CardiacID Watch App */;
			targetProxy = FBF0C0D62E70DF27005C425B /* PBXContainerItemProxy */;
		};
/* End PBXTargetDependency section */

/* Begin XCBuildConfiguration section */
		FBF0C0DD2E70DF27005C425B /* Debug configuration for PBXProject "CardiacID" */ = {
			isa = XCBuildConfiguration;
			buildSettings = {
				ALWAYS_SEARCH_USER_PATHS = NO;
				ASSETCATALOG_COMPILER_GENERATE_SWIFT_ASSET_SYMBOL_EXTENSIONS = YES;
				CLANG_ANALYZER_NONNULL = YES;
				CLANG_ANALYZER_NUMBER_OBJECT_CONVERSION = YES_AGGRESSIVE;
				CLANG_CXX_LANGUAGE_STANDARD = "gnu++20";
				CLANG_ENABLE_MODULES = YES;
				CLANG_ENABLE_OBJC_ARC = YES;
				CLANG_ENABLE_OBJC_WEAK = YES;
				CLANG_WARN_BLOCK_CAPTURE_AUTORELEASING = YES;
				CLANG_WARN_BOOL_CONVERSION = YES;
				CLANG_WARN_COMMA = YES;
				CLANG_WARN_CONSTANT_CONVERSION = YES;
				CLANG_WARN_DEPRECATED_OBJC_IMPLEMENTATIONS = YES;
				CLANG_WARN_DIRECT_OBJC_ISA_USAGE = YES_ERROR;
				CLANG_WARN_DOCUMENTATION_COMMENTS = YES;
				CLANG_WARN_EMPTY_BODY = YES;
				CLANG_WARN_ENUM_CONVERSION = YES;
				CLANG_WARN_INFINITE_RECURSION = YES;
				CLANG_WARN_INT_CONVERSION = YES;
				CLANG_WARN_NON_LITERAL_NULL_CONVERSION = YES;
				CLANG_WARN_OBJC_IMPLICIT_RETAIN_SELF = YES;
				CLANG_WARN_OBJC_LITERAL_CONVERSION = YES;
				CLANG_WARN_OBJC_ROOT_CLASS = YES_ERROR;
				CLANG_WARN_QUOTED_INCLUDE_IN_FRAMEWORK_HEADER = YES;
				CLANG_WARN_RANGE_LOOP_ANALYSIS = YES;
				CLANG_WARN_STRICT_PROTOTYPES = YES;
				CLANG_WARN_SUSPICIOUS_MOVE = YES;
				CLANG_WARN_UNGUARDED_AVAILABILITY = YES_AGGRESSIVE;
				CLANG_WARN_UNREACHABLE_CODE = YES;
				CLANG_WARN__DUPLICATE_METHOD_MATCH = YES;
				COPY_PHASE_STRIP = NO;
				DEBUG_INFORMATION_FORMAT = dwarf;
				DEVELOPMENT_TEAM = PYGGR5786Z;
				ENABLE_STRICT_OBJC_MSGSEND = YES;
				ENABLE_TESTABILITY = YES;
				ENABLE_USER_SCRIPT_SANDBOXING = YES;
				GCC_C_LANGUAGE_STANDARD = gnu17;
				GCC_DYNAMIC_NO_PIC = NO;
				GCC_NO_COMMON_BLOCKS = YES;
				GCC_OPTIMIZATION_LEVEL = 0;
				GCC_PREPROCESSOR_DEFINITIONS = (
					"DEBUG=1",
					"$(inherited)",
				);
				GCC_WARN_64_TO_32_BIT_CONVERSION = YES;
				GCC_WARN_ABOUT_RETURN_TYPE = YES_ERROR;
				GCC_WARN_UNDECLARED_SELECTOR = YES;
				GCC_WARN_UNINITIALIZED_AUTOS = YES_AGGRESSIVE;
				GCC_WARN_UNUSED_FUNCTION = YES;
				GCC_WARN_UNUSED_VARIABLE = YES;
				LOCALIZATION_PREFERS_STRING_CATALOGS = YES;
				MTL_ENABLE_DEBUG_INFO = INCLUDE_SOURCE;
				MTL_FAST_MATH = YES;
				ONLY_ACTIVE_ARCH = YES;
				SWIFT_ACTIVE_COMPILATION_CONDITIONS = "DEBUG $(inherited)";
				SWIFT_OPTIMIZATION_LEVEL = "-Onone";
			};
			name = Debug;
		};
		FBF0C0DE2E70DF27005C425B /* Release configuration for PBXProject "CardiacID" */ = {
			isa = XCBuildConfiguration;
			buildSettings = {
				ALWAYS_SEARCH_USER_PATHS = NO;
				ASSETCATALOG_COMPILER_GENERATE_ASSET_SYMBOLS = NO;
				ASSETCATALOG_COMPILER_GENERATE_SWIFT_ASSET_SYMBOL_EXTENSIONS = YES;
				CLANG_ANALYZER_NONNULL = YES;
				CLANG_ANALYZER_NUMBER_OBJECT_CONVERSION = YES_AGGRESSIVE;
				CLANG_CXX_LANGUAGE_STANDARD = "gnu++20";
				CLANG_ENABLE_MODULES = YES;
				CLANG_ENABLE_OBJC_ARC = YES;
				CLANG_ENABLE_OBJC_WEAK = YES;
				CLANG_WARN_BLOCK_CAPTURE_AUTORELEASING = YES;
				CLANG_WARN_BOOL_CONVERSION = YES;
				CLANG_WARN_COMMA = YES;
				CLANG_WARN_CONSTANT_CONVERSION = YES;
				CLANG_WARN_DEPRECATED_OBJC_IMPLEMENTATIONS = YES;
				CLANG_WARN_DIRECT_OBJC_ISA_USAGE = YES_ERROR;
				CLANG_WARN_DOCUMENTATION_COMMENTS = YES;
				CLANG_WARN_EMPTY_BODY = YES;
				CLANG_WARN_ENUM_CONVERSION = YES;
				CLANG_WARN_INFINITE_RECURSION = YES;
				CLANG_WARN_INT_CONVERSION = YES;
				CLANG_WARN_NON_LITERAL_NULL_CONVERSION = YES;
				CLANG_WARN_OBJC_IMPLICIT_RETAIN_SELF = YES;
				CLANG_WARN_OBJC_LITERAL_CONVERSION = YES;
				CLANG_WARN_OBJC_ROOT_CLASS = YES_ERROR;
				CLANG_WARN_QUOTED_INCLUDE_IN_FRAMEWORK_HEADER = YES;
				CLANG_WARN_RANGE_LOOP_ANALYSIS = YES;
				CLANG_WARN_STRICT_PROTOTYPES = YES;
				CLANG_WARN_SUSPICIOUS_MOVE = YES;
				CLANG_WARN_UNGUARDED_AVAILABILITY = YES_AGGRESSIVE;
				CLANG_WARN_UNREACHABLE_CODE = YES;
				CLANG_WARN__DUPLICATE_METHOD_MATCH = YES;
				COPY_PHASE_STRIP = NO;
				DEBUG_INFORMATION_FORMAT = dwarf;
				DEVELOPMENT_TEAM = PYGGR5786Z;
				ENABLE_NS_ASSERTIONS = NO;
				ENABLE_STRICT_OBJC_MSGSEND = YES;
				ENABLE_USER_SCRIPT_SANDBOXING = YES;
				GCC_C_LANGUAGE_STANDARD = gnu17;
				GCC_GENERATE_DEBUGGING_SYMBOLS = NO;
				GCC_NO_COMMON_BLOCKS = YES;
				GCC_WARN_64_TO_32_BIT_CONVERSION = YES;
				GCC_WARN_ABOUT_RETURN_TYPE = YES_ERROR;
				GCC_WARN_UNDECLARED_SELECTOR = YES;
				GCC_WARN_UNINITIALIZED_AUTOS = YES_AGGRESSIVE;
				GCC_WARN_UNUSED_FUNCTION = YES;
				GCC_WARN_UNUSED_VARIABLE = YES;
				LOCALIZATION_PREFERS_STRING_CATALOGS = YES;
				MTL_ENABLE_DEBUG_INFO = NO;
				MTL_FAST_MATH = YES;
				SWIFT_COMPILATION_MODE = wholemodule;
			};
			name = Release;
		};
		FBF0C0E02E70DF27005C425B /* Debug configuration for PBXNativeTarget "CardiacID Watch App" */ = {
			isa = XCBuildConfiguration;
			buildSettings = {
				ASSETCATALOG_COMPILER_APPICON_NAME = AppIcon;
				ASSETCATALOG_COMPILER_GLOBAL_ACCENT_COLOR_NAME = AccentColor;
				CODE_SIGN_ENTITLEMENTS = "CardiacID Watch App/CardiacID Watch App.entitlements";
				CODE_SIGN_IDENTITY = "Apple Development";
				CODE_SIGN_STYLE = Automatic;
				CURRENT_PROJECT_VERSION = 1;
				DEVELOPMENT_TEAM = PYGGR5786Z;
				ENABLE_PREVIEWS = YES;
				GENERATE_INFOPLIST_FILE = YES;
				INFOPLIST_KEY_CFBundleDisplayName = CardiacID_0_8;
				INFOPLIST_KEY_NSBluetoothAlwaysUsageDescription = "";
				INFOPLIST_KEY_NSBluetoothWhileInUseUsageDescription = "";
				INFOPLIST_KEY_NSHealthShareUsageDescription = "HeartID needs access to your heart rate and ECG data to create and verify your unique cardiac biometric template for authentication. Your biometric data is stored securely on this device only and never leaves your watch.";
				INFOPLIST_KEY_UISupportedInterfaceOrientations = "UIInterfaceOrientationPortrait UIInterfaceOrientationPortraitUpsideDown";
				INFOPLIST_KEY_WKCompanionAppBundleIdentifier = ARGOS.CardiacID;
				LD_RUNPATH_SEARCH_PATHS = (
					"$(inherited)",
					"@executable_path/Frameworks",
				);
				MARKETING_VERSION = 0.8;
				PRODUCT_BUNDLE_IDENTIFIER = ARGOS.CardiacID.watchkitapp;
				PRODUCT_NAME = "$(TARGET_NAME)";
				PROVISIONING_PROFILE_SPECIFIER = "";
				SDKROOT = watchos;
				SKIP_INSTALL = YES;
				SWIFT_EMIT_LOC_STRINGS = YES;
				SWIFT_VERSION = 5.0;
				TARGETED_DEVICE_FAMILY = 4;
				WATCHOS_DEPLOYMENT_TARGET = 11.5;
			};
			name = Debug;
		};
		FBF0C0E12E70DF27005C425B /* Release configuration for PBXNativeTarget "CardiacID Watch App" */ = {
			isa = XCBuildConfiguration;
			buildSettings = {
				ASSETCATALOG_COMPILER_APPICON_NAME = AppIcon;
				ASSETCATALOG_COMPILER_GLOBAL_ACCENT_COLOR_NAME = AccentColor;
				CODE_SIGN_ENTITLEMENTS = "CardiacID Watch App/CardiacID Watch App.entitlements";
				CODE_SIGN_IDENTITY = "Apple Development";
				CODE_SIGN_STYLE = Automatic;
				CURRENT_PROJECT_VERSION = 1;
				DEVELOPMENT_TEAM = PYGGR5786Z;
				ENABLE_PREVIEWS = YES;
				GENERATE_INFOPLIST_FILE = YES;
				INFOPLIST_KEY_CFBundleDisplayName = CardiacID_0_8;
				INFOPLIST_KEY_NSBluetoothAlwaysUsageDescription = "";
				INFOPLIST_KEY_NSBluetoothWhileInUseUsageDescription = "";
				INFOPLIST_KEY_NSHealthShareUsageDescription = "HeartID needs access to your heart rate and ECG data to create and verify your unique cardiac biometric template for authentication. Your biometric data is stored securely on this device only and never leaves your watch.";
				INFOPLIST_KEY_UISupportedInterfaceOrientations = "UIInterfaceOrientationPortrait UIInterfaceOrientationPortraitUpsideDown";
				INFOPLIST_KEY_WKCompanionAppBundleIdentifier = ARGOS.CardiacID;
				LD_RUNPATH_SEARCH_PATHS = (
					"$(inherited)",
					"@executable_path/Frameworks",
				);
				MARKETING_VERSION = 0.8;
				PRODUCT_BUNDLE_IDENTIFIER = ARGOS.CardiacID.watchkitapp;
				PRODUCT_NAME = "$(TARGET_NAME)";
				PROVISIONING_PROFILE_SPECIFIER = "";
				SDKROOT = watchos;
				SKIP_INSTALL = YES;
				SWIFT_EMIT_LOC_STRINGS = YES;
				SWIFT_VERSION = 5.0;
				TARGETED_DEVICE_FAMILY = 4;
				VALIDATE_PRODUCT = YES;
				WATCHOS_DEPLOYMENT_TARGET = 11.5;
			};
			name = Release;
		};
		FBF0C0E42E70DF27005C425B /* Debug configuration for PBXNativeTarget "CardiacID" */ = {
			isa = XCBuildConfiguration;
			buildSettings = {
				ASSETCATALOG_COMPILER_APPICON_NAME = AppIcon;
				ASSETCATALOG_COMPILER_GLOBAL_ACCENT_COLOR_NAME = AccentColor;
				ASSETCATALOG_COMPILER_INCLUDE_ALL_APPICON_ASSETS = YES;
				CODE_SIGN_ENTITLEMENTS = CardiacID/CardiacID.entitlements;
				CODE_SIGN_IDENTITY = "Apple Development";
				CODE_SIGN_STYLE = Automatic;
				CURRENT_PROJECT_VERSION = 1;
				DEVELOPMENT_TEAM = PYGGR5786Z;
				ENABLE_ENHANCED_SECURITY = YES;
				ENABLE_POINTER_AUTHENTICATION = NO;
				ENABLE_PREVIEWS = YES;
				GENERATE_INFOPLIST_FILE = YES;
				INFOPLIST_FILE = CardiacID/Info.plist;
				INFOPLIST_KEY_CFBundleDisplayName = CardiacID_0_8;
				INFOPLIST_KEY_LSApplicationCategoryType = "public.app-category.business";
				INFOPLIST_KEY_NSBluetoothAlwaysUsageDescription = "Connecting to Bluetooth";
				INFOPLIST_KEY_NSBluetoothWhileInUseUsageDescription = "Connecting to Bluetooth Continuiously";
				INFOPLIST_KEY_NSHealthShareUsageDescription = "HeartID needs access to your heart rate and ECG data to create and verify your unique cardiac biometric template for authentication. Your biometric data is stored securely on this device only and never leaves your watch.";
				INFOPLIST_KEY_UIApplicationSceneManifest_Generation = YES;
				INFOPLIST_KEY_UIApplicationSupportsIndirectInputEvents = YES;
				INFOPLIST_KEY_UILaunchScreen_Generation = YES;
				INFOPLIST_KEY_UISupportedInterfaceOrientations_iPad = "UIInterfaceOrientationPortrait UIInterfaceOrientationPortraitUpsideDown UIInterfaceOrientationLandscapeLeft UIInterfaceOrientationLandscapeRight";
				INFOPLIST_KEY_UISupportedInterfaceOrientations_iPhone = "UIInterfaceOrientationPortrait UIInterfaceOrientationLandscapeLeft UIInterfaceOrientationLandscapeRight";
				IPHONEOS_DEPLOYMENT_TARGET = 18.5;
				LD_RUNPATH_SEARCH_PATHS = (
					"$(inherited)",
					"@executable_path/Frameworks",
				);
				MARKETING_VERSION = 0.8;
				PRODUCT_BUNDLE_IDENTIFIER = ARGOS.CardiacID;
				PRODUCT_NAME = "$(TARGET_NAME)";
				PROVISIONING_PROFILE_SPECIFIER = "";
				SDKROOT = iphoneos;
				SWIFT_EMIT_LOC_STRINGS = YES;
				SWIFT_VERSION = 5.0;
				TARGETED_DEVICE_FAMILY = "1,2";
			};
			name = Debug;
		};
		FBF0C0E52E70DF27005C425B /* Release configuration for PBXNativeTarget "CardiacID" */ = {
			isa = XCBuildConfiguration;
			buildSettings = {
				ASSETCATALOG_COMPILER_APPICON_NAME = AppIcon;
				ASSETCATALOG_COMPILER_GLOBAL_ACCENT_COLOR_NAME = AccentColor;
				ASSETCATALOG_COMPILER_INCLUDE_ALL_APPICON_ASSETS = YES;
				CODE_SIGN_ENTITLEMENTS = CardiacID/CardiacID.entitlements;
				CODE_SIGN_IDENTITY = "Apple Development";
				CODE_SIGN_STYLE = Automatic;
				CURRENT_PROJECT_VERSION = 1;
				DEVELOPMENT_TEAM = PYGGR5786Z;
				ENABLE_ENHANCED_SECURITY = YES;
				ENABLE_POINTER_AUTHENTICATION = NO;
				ENABLE_PREVIEWS = YES;
				GENERATE_INFOPLIST_FILE = YES;
				INFOPLIST_FILE = CardiacID/Info.plist;
				INFOPLIST_KEY_CFBundleDisplayName = CardiacID_0_8;
				INFOPLIST_KEY_LSApplicationCategoryType = "public.app-category.business";
				INFOPLIST_KEY_NSBluetoothAlwaysUsageDescription = "Connecting to Bluetooth";
				INFOPLIST_KEY_NSBluetoothWhileInUseUsageDescription = "Connecting to Bluetooth Continuiously";
				INFOPLIST_KEY_NSHealthShareUsageDescription = "HeartID needs access to your heart rate and ECG data to create and verify your unique cardiac biometric template for authentication. Your biometric data is stored securely on this device only and never leaves your watch.";
				INFOPLIST_KEY_UIApplicationSceneManifest_Generation = YES;
				INFOPLIST_KEY_UIApplicationSupportsIndirectInputEvents = YES;
				INFOPLIST_KEY_UILaunchScreen_Generation = YES;
				INFOPLIST_KEY_UISupportedInterfaceOrientations_iPad = "UIInterfaceOrientationPortrait UIInterfaceOrientationPortraitUpsideDown UIInterfaceOrientationLandscapeLeft UIInterfaceOrientationLandscapeRight";
				INFOPLIST_KEY_UISupportedInterfaceOrientations_iPhone = "UIInterfaceOrientationPortrait UIInterfaceOrientationLandscapeLeft UIInterfaceOrientationLandscapeRight";
				IPHONEOS_DEPLOYMENT_TARGET = 18.5;
				LD_RUNPATH_SEARCH_PATHS = (
					"$(inherited)",
					"@executable_path/Frameworks",
				);
				MARKETING_VERSION = 0.8;
				PRODUCT_BUNDLE_IDENTIFIER = ARGOS.CardiacID;
				PRODUCT_NAME = "$(TARGET_NAME)";
				PROVISIONING_PROFILE_SPECIFIER = "";
				SDKROOT = iphoneos;
				SWIFT_EMIT_LOC_STRINGS = YES;
				SWIFT_VERSION = 5.0;
				TARGETED_DEVICE_FAMILY = "1,2";
				VALIDATE_PRODUCT = YES;
			};
			name = Release;
		};
		FBF0C0E72E70DF27005C425B /* Debug configuration for PBXNativeTarget "CardiacIDTests" */ = {
			isa = XCBuildConfiguration;
			buildSettings = {
				BUNDLE_LOADER = "$(TEST_HOST)";
				CODE_SIGN_STYLE = Automatic;
				CURRENT_PROJECT_VERSION = 1;
				DEVELOPMENT_TEAM = PYGGR5786Z;
				GENERATE_INFOPLIST_FILE = YES;
				IPHONEOS_DEPLOYMENT_TARGET = 18.5;
				MARKETING_VERSION = 1.0;
				PRODUCT_BUNDLE_IDENTIFIER = ARGOS.CardiacIDTests;
				PRODUCT_NAME = "$(TARGET_NAME)";
				SDKROOT = iphoneos;
				SWIFT_EMIT_LOC_STRINGS = NO;
				SWIFT_VERSION = 5.0;
				TARGETED_DEVICE_FAMILY = "1,2";
				TEST_HOST = "$(BUILT_PRODUCTS_DIR)/CardiacID.app/$(BUNDLE_EXECUTABLE_FOLDER_PATH)/CardiacID";
			};
			name = Debug;
		};
		FBF0C0E82E70DF27005C425B /* Release configuration for PBXNativeTarget "CardiacIDTests" */ = {
			isa = XCBuildConfiguration;
			buildSettings = {
				BUNDLE_LOADER = "$(TEST_HOST)";
				CODE_SIGN_STYLE = Automatic;
				CURRENT_PROJECT_VERSION = 1;
				DEVELOPMENT_TEAM = PYGGR5786Z;
				GENERATE_INFOPLIST_FILE = YES;
				IPHONEOS_DEPLOYMENT_TARGET = 18.5;
				MARKETING_VERSION = 1.0;
				PRODUCT_BUNDLE_IDENTIFIER = ARGOS.CardiacIDTests;
				PRODUCT_NAME = "$(TARGET_NAME)";
				SDKROOT = iphoneos;
				SWIFT_EMIT_LOC_STRINGS = NO;
				SWIFT_VERSION = 5.0;
				TARGETED_DEVICE_FAMILY = "1,2";
				TEST_HOST = "$(BUILT_PRODUCTS_DIR)/CardiacID.app/$(BUNDLE_EXECUTABLE_FOLDER_PATH)/CardiacID";
				VALIDATE_PRODUCT = YES;
			};
			name = Release;
		};
		FBF0C0EA2E70DF27005C425B /* Debug configuration for PBXNativeTarget "CardiacIDUITests" */ = {
			isa = XCBuildConfiguration;
			buildSettings = {
				CODE_SIGN_STYLE = Automatic;
				CURRENT_PROJECT_VERSION = 1;
				DEVELOPMENT_TEAM = PYGGR5786Z;
				GENERATE_INFOPLIST_FILE = YES;
				IPHONEOS_DEPLOYMENT_TARGET = 18.5;
				MARKETING_VERSION = 1.0;
				PRODUCT_BUNDLE_IDENTIFIER = ARGOS.CardiacIDUITests;
				PRODUCT_NAME = "$(TARGET_NAME)";
				SDKROOT = iphoneos;
				SWIFT_EMIT_LOC_STRINGS = NO;
				SWIFT_VERSION = 5.0;
				TARGETED_DEVICE_FAMILY = "1,2";
				TEST_TARGET_NAME = CardiacID;
			};
			name = Debug;
		};
		FBF0C0EB2E70DF27005C425B /* Release configuration for PBXNativeTarget "CardiacIDUITests" */ = {
			isa = XCBuildConfiguration;
			buildSettings = {
				CODE_SIGN_STYLE = Automatic;
				CURRENT_PROJECT_VERSION = 1;
				DEVELOPMENT_TEAM = PYGGR5786Z;
				GENERATE_INFOPLIST_FILE = YES;
				IPHONEOS_DEPLOYMENT_TARGET = 18.5;
				MARKETING_VERSION = 1.0;
				PRODUCT_BUNDLE_IDENTIFIER = ARGOS.CardiacIDUITests;
				PRODUCT_NAME = "$(TARGET_NAME)";
				SDKROOT = iphoneos;
				SWIFT_EMIT_LOC_STRINGS = NO;
				SWIFT_VERSION = 5.0;
				TARGETED_DEVICE_FAMILY = "1,2";
				TEST_TARGET_NAME = CardiacID;
				VALIDATE_PRODUCT = YES;
			};
			name = Release;
		};
		FBF0C0ED2E70DF27005C425B /* Debug configuration for PBXNativeTarget "CardiacID Watch AppTests" */ = {
			isa = XCBuildConfiguration;
			buildSettings = {
				BUNDLE_LOADER = "$(TEST_HOST)";
				CODE_SIGN_STYLE = Automatic;
				CURRENT_PROJECT_VERSION = 1;
				DEVELOPMENT_TEAM = PYGGR5786Z;
				GENERATE_INFOPLIST_FILE = YES;
				MARKETING_VERSION = 1.0;
				PRODUCT_BUNDLE_IDENTIFIER = "ARGOS.CardiacID-Watch-AppTests";
				PRODUCT_NAME = "$(TARGET_NAME)";
				SDKROOT = watchos;
				SWIFT_EMIT_LOC_STRINGS = NO;
				SWIFT_VERSION = 5.0;
				TARGETED_DEVICE_FAMILY = 4;
				TEST_HOST = "$(BUILT_PRODUCTS_DIR)/CardiacID Watch App.app/$(BUNDLE_EXECUTABLE_FOLDER_PATH)/CardiacID Watch App";
				WATCHOS_DEPLOYMENT_TARGET = 11.5;
			};
			name = Debug;
		};
		FBF0C0EE2E70DF27005C425B /* Release configuration for PBXNativeTarget "CardiacID Watch AppTests" */ = {
			isa = XCBuildConfiguration;
			buildSettings = {
				BUNDLE_LOADER = "$(TEST_HOST)";
				CODE_SIGN_STYLE = Automatic;
				CURRENT_PROJECT_VERSION = 1;
				DEVELOPMENT_TEAM = PYGGR5786Z;
				GENERATE_INFOPLIST_FILE = YES;
				MARKETING_VERSION = 1.0;
				PRODUCT_BUNDLE_IDENTIFIER = "ARGOS.CardiacID-Watch-AppTests";
				PRODUCT_NAME = "$(TARGET_NAME)";
				SDKROOT = watchos;
				SWIFT_EMIT_LOC_STRINGS = NO;
				SWIFT_VERSION = 5.0;
				TARGETED_DEVICE_FAMILY = 4;
				TEST_HOST = "$(BUILT_PRODUCTS_DIR)/CardiacID Watch App.app/$(BUNDLE_EXECUTABLE_FOLDER_PATH)/CardiacID Watch App";
				VALIDATE_PRODUCT = YES;
				WATCHOS_DEPLOYMENT_TARGET = 11.5;
			};
			name = Release;
		};
		FBF0C0F02E70DF27005C425B /* Debug configuration for PBXNativeTarget "CardiacID Watch AppUITests" */ = {
			isa = XCBuildConfiguration;
			buildSettings = {
				CODE_SIGN_STYLE = Automatic;
				CURRENT_PROJECT_VERSION = 1;
				DEVELOPMENT_TEAM = PYGGR5786Z;
				GENERATE_INFOPLIST_FILE = YES;
				MARKETING_VERSION = 1.0;
				PRODUCT_BUNDLE_IDENTIFIER = "ARGOS.CardiacID-Watch-AppUITests";
				PRODUCT_NAME = "$(TARGET_NAME)";
				SDKROOT = watchos;
				SWIFT_EMIT_LOC_STRINGS = NO;
				SWIFT_VERSION = 5.0;
				TARGETED_DEVICE_FAMILY = 4;
				TEST_TARGET_NAME = "CardiacID Watch App";
				WATCHOS_DEPLOYMENT_TARGET = 11.5;
			};
			name = Debug;
		};
		FBF0C0F12E70DF27005C425B /* Release configuration for PBXNativeTarget "CardiacID Watch AppUITests" */ = {
			isa = XCBuildConfiguration;
			buildSettings = {
				CODE_SIGN_STYLE = Automatic;
				CURRENT_PROJECT_VERSION = 1;
				DEVELOPMENT_TEAM = PYGGR5786Z;
				GENERATE_INFOPLIST_FILE = YES;
				MARKETING_VERSION = 1.0;
				PRODUCT_BUNDLE_IDENTIFIER = "ARGOS.CardiacID-Watch-AppUITests";
				PRODUCT_NAME = "$(TARGET_NAME)";
				SDKROOT = watchos;
				SWIFT_EMIT_LOC_STRINGS = NO;
				SWIFT_VERSION = 5.0;
				TARGETED_DEVICE_FAMILY = 4;
				TEST_TARGET_NAME = "CardiacID Watch App";
				VALIDATE_PRODUCT = YES;
				WATCHOS_DEPLOYMENT_TARGET = 11.5;
			};
			name = Release;
		};
/* End XCBuildConfiguration section */

/* Begin XCConfigurationList section */
		FBF0C0942E70DF23005C425B /* Build configuration list for PBXProject "CardiacID" */ = {
			isa = XCConfigurationList;
			buildConfigurations = (
				FBF0C0DD2E70DF27005C425B /* Debug configuration for PBXProject "CardiacID" */,
				FBF0C0DE2E70DF27005C425B /* Release configuration for PBXProject "CardiacID" */,
			);
			defaultConfigurationName = Release;
		};
		FBF0C0DF2E70DF27005C425B /* Build configuration list for PBXNativeTarget "CardiacID Watch App" */ = {
			isa = XCConfigurationList;
			buildConfigurations = (
				FBF0C0E02E70DF27005C425B /* Debug configuration for PBXNativeTarget "CardiacID Watch App" */,
				FBF0C0E12E70DF27005C425B /* Release configuration for PBXNativeTarget "CardiacID Watch App" */,
			);
			defaultConfigurationName = Release;
		};
		FBF0C0E32E70DF27005C425B /* Build configuration list for PBXNativeTarget "CardiacID" */ = {
			isa = XCConfigurationList;
			buildConfigurations = (
				FBF0C0E42E70DF27005C425B /* Debug configuration for PBXNativeTarget "CardiacID" */,
				FBF0C0E52E70DF27005C425B /* Release configuration for PBXNativeTarget "CardiacID" */,
			);
			defaultConfigurationName = Release;
		};
		FBF0C0E62E70DF27005C425B /* Build configuration list for PBXNativeTarget "CardiacIDTests" */ = {
			isa = XCConfigurationList;
			buildConfigurations = (
				FBF0C0E72E70DF27005C425B /* Debug configuration for PBXNativeTarget "CardiacIDTests" */,
				FBF0C0E82E70DF27005C425B /* Release configuration for PBXNativeTarget "CardiacIDTests" */,
			);
			defaultConfigurationName = Release;
		};
		FBF0C0E92E70DF27005C425B /* Build configuration list for PBXNativeTarget "CardiacIDUITests" */ = {
			isa = XCConfigurationList;
			buildConfigurations = (
				FBF0C0EA2E70DF27005C425B /* Debug configuration for PBXNativeTarget "CardiacIDUITests" */,
				FBF0C0EB2E70DF27005C425B /* Release configuration for PBXNativeTarget "CardiacIDUITests" */,
			);
			defaultConfigurationName = Release;
		};
		FBF0C0EC2E70DF27005C425B /* Build configuration list for PBXNativeTarget "CardiacID Watch AppTests" */ = {
			isa = XCConfigurationList;
			buildConfigurations = (
				FBF0C0ED2E70DF27005C425B /* Debug configuration for PBXNativeTarget "CardiacID Watch AppTests" */,
				FBF0C0EE2E70DF27005C425B /* Release configuration for PBXNativeTarget "CardiacID Watch AppTests" */,
			);
			defaultConfigurationName = Release;
		};
		FBF0C0EF2E70DF27005C425B /* Build configuration list for PBXNativeTarget "CardiacID Watch AppUITests" */ = {
			isa = XCConfigurationList;
			buildConfigurations = (
				FBF0C0F02E70DF27005C425B /* Debug configuration for PBXNativeTarget "CardiacID Watch AppUITests" */,
				FBF0C0F12E70DF27005C425B /* Release configuration for PBXNativeTarget "CardiacID Watch AppUITests" */,
			);
			defaultConfigurationName = Release;
		};
/* End XCConfigurationList section */

/* Begin XCRemoteSwiftPackageReference section */
		FB45EF2C2EC2F11800758DFE /* XCRemoteSwiftPackageReference "microsoft-authentication-library-for-objc" */ = {
			isa = XCRemoteSwiftPackageReference;
			repositoryURL = "https://github.com/AzureAD/microsoft-authentication-library-for-objc";
			requirement = {
				kind = upToNextMajorVersion;
				minimumVersion = 2.6.0;
			};
		};
		FB525D402EBD23DC0058DF45 /* XCRemoteSwiftPackageReference "supabase-swift" */ = {
			isa = XCRemoteSwiftPackageReference;
			repositoryURL = "https://github.com/supabase/supabase-swift.git";
			requirement = {
				kind = upToNextMajorVersion;
				minimumVersion = 2.5.1;
			};
		};
/* End XCRemoteSwiftPackageReference section */

/* Begin XCSwiftPackageProductDependency section */
		FB45EF2D2EC2F11800758DFE /* MSAL */ = {
			isa = XCSwiftPackageProductDependency;
			package = FB45EF2C2EC2F11800758DFE /* XCRemoteSwiftPackageReference "microsoft-authentication-library-for-objc" */;
			productName = MSAL;
		};
		FB525D612EBD2A790058DF45 /* Auth */ = {
			isa = XCSwiftPackageProductDependency;
			package = FB525D402EBD23DC0058DF45 /* XCRemoteSwiftPackageReference "supabase-swift" */;
			productName = Auth;
		};
		FB525D632EBD2A790058DF45 /* Functions */ = {
			isa = XCSwiftPackageProductDependency;
			package = FB525D402EBD23DC0058DF45 /* XCRemoteSwiftPackageReference "supabase-swift" */;
			productName = Functions;
		};
		FB525D652EBD2A790058DF45 /* PostgREST */ = {
			isa = XCSwiftPackageProductDependency;
			package = FB525D402EBD23DC0058DF45 /* XCRemoteSwiftPackageReference "supabase-swift" */;
			productName = PostgREST;
		};
		FB525D672EBD2A790058DF45 /* Realtime */ = {
			isa = XCSwiftPackageProductDependency;
			package = FB525D402EBD23DC0058DF45 /* XCRemoteSwiftPackageReference "supabase-swift" */;
			productName = Realtime;
		};
		FB525D692EBD2A790058DF45 /* Storage */ = {
			isa = XCSwiftPackageProductDependency;
			package = FB525D402EBD23DC0058DF45 /* XCRemoteSwiftPackageReference "supabase-swift" */;
			productName = Storage;
		};
/* End XCSwiftPackageProductDependency section */
	};
	rootObject = FBF0C0912E70DF23005C425B /* Project object */;
}
