// !$*UTF8*$!
{
	archiveVersion = 1;
	classes = {
	};
	objectVersion = 77;
	objects = {

/* Begin PBXBuildFile section */
		FBF0C0BD2E70DF25005C425B /* CardiacID Watch App.app in Embed Watch Content */ = {isa = PBXBuildFile; fileRef = FBF0C0BC2E70DF25005C425B /* CardiacID Watch App.app */; settings = {ATTRIBUTES = (RemoveHeadersOnCopy, ); }; };
/* End PBXBuildFile section */

/* Begin PBXContainerItemProxy section */
		FBF0C0A72E70DF25005C425B /* PBXContainerItemProxy */ = {
			isa = PBXContainerItemProxy;
			containerPortal = FBF0C0912E70DF23005C425B /* Project object */;
			proxyType = 1;
			remoteGlobalIDString = FBF0C0982E70DF24005C425B;
			remoteInfo = CardiacID;
		};
		FBF0C0B12E70DF25005C425B /* PBXContainerItemProxy */ = {
			isa = PBXContainerItemProxy;
			containerPortal = FBF0C0912E70DF23005C425B /* Project object */;
			proxyType = 1;
			remoteGlobalIDString = FBF0C0982E70DF24005C425B;
			remoteInfo = CardiacID;
		};
		FBF0C0BE2E70DF25005C425B /* PBXContainerItemProxy */ = {
			isa = PBXContainerItemProxy;
			containerPortal = FBF0C0912E70DF23005C425B /* Project object */;
			proxyType = 1;
			remoteGlobalIDString = FBF0C0BB2E70DF25005C425B;
			remoteInfo = "CardiacID Watch App";
		};
		FBF0C0CC2E70DF27005C425B /* PBXContainerItemProxy */ = {
			isa = PBXContainerItemProxy;
			containerPortal = FBF0C0912E70DF23005C425B /* Project object */;
			proxyType = 1;
			remoteGlobalIDString = FBF0C0BB2E70DF25005C425B;
			remoteInfo = "CardiacID Watch App";
		};
		FBF0C0D62E70DF27005C425B /* PBXContainerItemProxy */ = {
			isa = PBXContainerItemProxy;
			containerPortal = FBF0C0912E70DF23005C425B /* Project object */;
			proxyType = 1;
			remoteGlobalIDString = FBF0C0BB2E70DF25005C425B;
			remoteInfo = "CardiacID Watch App";
		};
/* End PBXContainerItemProxy section */

/* Begin PBXCopyFilesBuildPhase section */
		FBF0C0E22E70DF27005C425B /* Embed Watch Content */ = {
			isa = PBXCopyFilesBuildPhase;
			buildActionMask = 2147483647;
			dstPath = "$(CONTENTS_FOLDER_PATH)/Watch";
			dstSubfolderSpec = 16;
			files = (
				FBF0C0BD2E70DF25005C425B /* CardiacID Watch App.app in Embed Watch Content */,
			);
			name = "Embed Watch Content";
			runOnlyForDeploymentPostprocessing = 0;
		};
/* End PBXCopyFilesBuildPhase section */

/* Begin PBXFileReference section */
		FBF0C0992E70DF24005C425B /* CardiacID.app */ = {isa = PBXFileReference; explicitFileType = wrapper.application; includeInIndex = 0; path = CardiacID.app; sourceTree = BUILT_PRODUCTS_DIR; };
		FBF0C0A62E70DF25005C425B /* CardiacIDTests.xctest */ = {isa = PBXFileReference; explicitFileType = wrapper.cfbundle; includeInIndex = 0; path = CardiacIDTests.xctest; sourceTree = BUILT_PRODUCTS_DIR; };
		FBF0C0B02E70DF25005C425B /* CardiacIDUITests.xctest */ = {isa = PBXFileReference; explicitFileType = wrapper.cfbundle; includeInIndex = 0; path = CardiacIDUITests.xctest; sourceTree = BUILT_PRODUCTS_DIR; };
		FBF0C0BC2E70DF25005C425B /* CardiacID Watch App.app */ = {isa = PBXFileReference; explicitFileType = wrapper.application; includeInIndex = 0; path = "CardiacID Watch App.app"; sourceTree = BUILT_PRODUCTS_DIR; };
		FBF0C0CB2E70DF27005C425B /* CardiacID Watch AppTests.xctest */ = {isa = PBXFileReference; explicitFileType = wrapper.cfbundle; includeInIndex = 0; path = "CardiacID Watch AppTests.xctest"; sourceTree = BUILT_PRODUCTS_DIR; };
		FBF0C0D52E70DF27005C425B /* CardiacID Watch AppUITests.xctest */ = {isa = PBXFileReference; explicitFileType = wrapper.cfbundle; includeInIndex = 0; path = "CardiacID Watch AppUITests.xctest"; sourceTree = BUILT_PRODUCTS_DIR; };
/* End PBXFileReference section */

/* Begin PBXFileSystemSynchronizedRootGroup section */
		FBF0C09B2E70DF24005C425B /* CardiacID */ = {
			isa = PBXFileSystemSynchronizedRootGroup;
			path = CardiacID;
			sourceTree = "<group>";
		};
		FBF0C0A92E70DF25005C425B /* CardiacIDTests */ = {
			isa = PBXFileSystemSynchronizedRootGroup;
			path = CardiacIDTests;
			sourceTree = "<group>";
		};
		FBF0C0B32E70DF25005C425B /* CardiacIDUITests */ = {
			isa = PBXFileSystemSynchronizedRootGroup;
			path = CardiacIDUITests;
			sourceTree = "<group>";
		};
		FBF0C0C02E70DF25005C425B /* CardiacID Watch App */ = {
			isa = PBXFileSystemSynchronizedRootGroup;
			path = "CardiacID Watch App";
			sourceTree = "<group>";
		};
		FBF0C0CE2E70DF27005C425B /* CardiacID Watch AppTests */ = {
			isa = PBXFileSystemSynchronizedRootGroup;
			path = "CardiacID Watch AppTests";
			sourceTree = "<group>";
		};
		FBF0C0D82E70DF27005C425B /* CardiacID Watch AppUITests */ = {
			isa = PBXFileSystemSynchronizedRootGroup;
			path = "CardiacID Watch AppUITests";
			sourceTree = "<group>";
		};
/* End PBXFileSystemSynchronizedRootGroup section */

/* Begin PBXFrameworksBuildPhase section */
		FBF0C0962E70DF24005C425B /* Frameworks */ = {
			isa = PBXFrameworksBuildPhase;
			buildActionMask = 2147483647;
			files = (
			);
			runOnlyForDeploymentPostprocessing = 0;
		};
		FBF0C0A32E70DF25005C425B /* Frameworks */ = {
			isa = PBXFrameworksBuildPhase;
			buildActionMask = 2147483647;
			files = (
			);
			runOnlyForDeploymentPostprocessing = 0;
		};
		FBF0C0AD2E70DF25005C425B /* Frameworks */ = {
			isa = PBXFrameworksBuildPhase;
			buildActionMask = 2147483647;
			files = (
			);
			runOnlyForDeploymentPostprocessing = 0;
		};
		FBF0C0B92E70DF25005C425B /* Frameworks */ = {
			isa = PBXFrameworksBuildPhase;
			buildActionMask = 2147483647;
			files = (
			);
			runOnlyForDeploymentPostprocessing = 0;
		};
		FBF0C0C82E70DF27005C425B /* Frameworks */ = {
			isa = PBXFrameworksBuildPhase;
			buildActionMask = 2147483647;
			files = (
			);
			runOnlyForDeploymentPostprocessing = 0;
		};
		FBF0C0D22E70DF27005C425B /* Frameworks */ = {
			isa = PBXFrameworksBuildPhase;
			buildActionMask = 2147483647;
			files = (
			);
			runOnlyForDeploymentPostprocessing = 0;
		};
/* End PBXFrameworksBuildPhase section */

/* Begin PBXGroup section */
		FBF0C0902E70DF23005C425B = {
			isa = PBXGroup;
			children = (
				FBF0C09B2E70DF24005C425B /* CardiacID */,
				FBF0C0A92E70DF25005C425B /* CardiacIDTests */,
				FBF0C0B32E70DF25005C425B /* CardiacIDUITests */,
				FBF0C0C02E70DF25005C425B /* CardiacID Watch App */,
				FBF0C0CE2E70DF27005C425B /* CardiacID Watch AppTests */,
				FBF0C0D82E70DF27005C425B /* CardiacID Watch AppUITests */,
				FBF0C09A2E70DF24005C425B /* Products */,
			);
			sourceTree = "<group>";
		};
		FBF0C09A2E70DF24005C425B /* Products */ = {
			isa = PBXGroup;
			children = (
				FBF0C0992E70DF24005C425B /* CardiacID.app */,
				FBF0C0A62E70DF25005C425B /* CardiacIDTests.xctest */,
				FBF0C0B02E70DF25005C425B /* CardiacIDUITests.xctest */,
				FBF0C0BC2E70DF25005C425B /* CardiacID Watch App.app */,
				FBF0C0CB2E70DF27005C425B /* CardiacID Watch AppTests.xctest */,
				FBF0C0D52E70DF27005C425B /* CardiacID Watch AppUITests.xctest */,
			);
			name = Products;
			sourceTree = "<group>";
		};
/* End PBXGroup section */

/* Begin PBXNativeTarget section */
		FBF0C0982E70DF24005C425B /* CardiacID */ = {
			isa = PBXNativeTarget;
			buildConfigurationList = FBF0C0E32E70DF27005C425B /* Build configuration list for PBXNativeTarget "CardiacID" */;
			buildPhases = (
				FBF0C0952E70DF24005C425B /* Sources */,
				FBF0C0962E70DF24005C425B /* Frameworks */,
				FBF0C0972E70DF24005C425B /* Resources */,
				FBF0C0E22E70DF27005C425B /* Embed Watch Content */,
			);
			buildRules = (
			);
			dependencies = (
				FBF0C0BF2E70DF25005C425B /* PBXTargetDependency */,
			);
			fileSystemSynchronizedGroups = (
				FBF0C09B2E70DF24005C425B /* CardiacID */,
			);
			name = CardiacID;
			packageProductDependencies = (
			);
			productName = CardiacID;
			productReference = FBF0C0992E70DF24005C425B /* CardiacID.app */;
			productType = "com.apple.product-type.application";
		};
		FBF0C0A52E70DF25005C425B /* CardiacIDTests */ = {
			isa = PBXNativeTarget;
			buildConfigurationList = FBF0C0E62E70DF27005C425B /* Build configuration list for PBXNativeTarget "CardiacIDTests" */;
			buildPhases = (
				FBF0C0A22E70DF25005C425B /* Sources */,
				FBF0C0A32E70DF25005C425B /* Frameworks */,
				FBF0C0A42E70DF25005C425B /* Resources */,
			);
			buildRules = (
			);
			dependencies = (
				FBF0C0A82E70DF25005C425B /* PBXTargetDependency */,
			);
			fileSystemSynchronizedGroups = (
				FBF0C0A92E70DF25005C425B /* CardiacIDTests */,
			);
			name = CardiacIDTests;
			packageProductDependencies = (
			);
			productName = CardiacIDTests;
			productReference = FBF0C0A62E70DF25005C425B /* CardiacIDTests.xctest */;
			productType = "com.apple.product-type.bundle.unit-test";
		};
		FBF0C0AF2E70DF25005C425B /* CardiacIDUITests */ = {
			isa = PBXNativeTarget;
			buildConfigurationList = FBF0C0E92E70DF27005C425B /* Build configuration list for PBXNativeTarget "CardiacIDUITests" */;
			buildPhases = (
				FBF0C0AC2E70DF25005C425B /* Sources */,
				FBF0C0AD2E70DF25005C425B /* Frameworks */,
				FBF0C0AE2E70DF25005C425B /* Resources */,
			);
			buildRules = (
			);
			dependencies = (
				FBF0C0B22E70DF25005C425B /* PBXTargetDependency */,
			);
			fileSystemSynchronizedGroups = (
				FBF0C0B32E70DF25005C425B /* CardiacIDUITests */,
			);
			name = CardiacIDUITests;
			packageProductDependencies = (
			);
			productName = CardiacIDUITests;
			productReference = FBF0C0B02E70DF25005C425B /* CardiacIDUITests.xctest */;
			productType = "com.apple.product-type.bundle.ui-testing";
		};
		FBF0C0BB2E70DF25005C425B /* CardiacID Watch App */ = {
			isa = PBXNativeTarget;
			buildConfigurationList = FBF0C0DF2E70DF27005C425B /* Build configuration list for PBXNativeTarget "CardiacID Watch App" */;
			buildPhases = (
				FBF0C0B82E70DF25005C425B /* Sources */,
				FBF0C0B92E70DF25005C425B /* Frameworks */,
				FBF0C0BA2E70DF25005C425B /* Resources */,
			);
			buildRules = (
			);
			dependencies = (
			);
			fileSystemSynchronizedGroups = (
				FBF0C0C02E70DF25005C425B /* CardiacID Watch App */,
			);
			name = "CardiacID Watch App";
			packageProductDependencies = (
			);
			productName = "CardiacID Watch App";
			productReference = FBF0C0BC2E70DF25005C425B /* CardiacID Watch App.app */;
			productType = "com.apple.product-type.application";
		};
		FBF0C0CA2E70DF27005C425B /* CardiacID Watch AppTests */ = {
			isa = PBXNativeTarget;
			buildConfigurationList = FBF0C0EC2E70DF27005C425B /* Build configuration list for PBXNativeTarget "CardiacID Watch AppTests" */;
			buildPhases = (
				FBF0C0C72E70DF27005C425B /* Sources */,
				FBF0C0C82E70DF27005C425B /* Frameworks */,
				FBF0C0C92E70DF27005C425B /* Resources */,
			);
			buildRules = (
			);
			dependencies = (
				FBF0C0CD2E70DF27005C425B /* PBXTargetDependency */,
			);
			fileSystemSynchronizedGroups = (
				FBF0C0CE2E70DF27005C425B /* CardiacID Watch AppTests */,
			);
			name = "CardiacID Watch AppTests";
			packageProductDependencies = (
			);
			productName = "CardiacID Watch AppTests";
			productReference = FBF0C0CB2E70DF27005C425B /* CardiacID Watch AppTests.xctest */;
			productType = "com.apple.product-type.bundle.unit-test";
		};
		FBF0C0D42E70DF27005C425B /* CardiacID Watch AppUITests */ = {
			isa = PBXNativeTarget;
			buildConfigurationList = FBF0C0EF2E70DF27005C425B /* Build configuration list for PBXNativeTarget "CardiacID Watch AppUITests" */;
			buildPhases = (
				FBF0C0D12E70DF27005C425B /* Sources */,
				FBF0C0D22E70DF27005C425B /* Frameworks */,
				FBF0C0D32E70DF27005C425B /* Resources */,
			);
			buildRules = (
			);
			dependencies = (
				FBF0C0D72E70DF27005C425B /* PBXTargetDependency */,
			);
			fileSystemSynchronizedGroups = (
				FBF0C0D82E70DF27005C425B /* CardiacID Watch AppUITests */,
			);
			name = "CardiacID Watch AppUITests";
			packageProductDependencies = (
			);
			productName = "CardiacID Watch AppUITests";
			productReference = FBF0C0D52E70DF27005C425B /* CardiacID Watch AppUITests.xctest */;
			productType = "com.apple.product-type.bundle.ui-testing";
		};
/* End PBXNativeTarget section */

/* Begin PBXProject section */
		FBF0C0912E70DF23005C425B /* Project object */ = {
			isa = PBXProject;
			attributes = {
				BuildIndependentTargetsInParallel = 1;
				LastSwiftUpdateCheck = 1640;
				LastUpgradeCheck = 1640;
				TargetAttributes = {
					FBF0C0982E70DF24005C425B = {
						CreatedOnToolsVersion = 16.4;
					};
					FBF0C0A52E70DF25005C425B = {
						CreatedOnToolsVersion = 16.4;
						TestTargetID = FBF0C0982E70DF24005C425B;
					};
					FBF0C0AF2E70DF25005C425B = {
						CreatedOnToolsVersion = 16.4;
						TestTargetID = FBF0C0982E70DF24005C425B;
					};
					FBF0C0BB2E70DF25005C425B = {
						CreatedOnToolsVersion = 16.4;
					};
					FBF0C0CA2E70DF27005C425B = {
						CreatedOnToolsVersion = 16.4;
						TestTargetID = FBF0C0BB2E70DF25005C425B;
					};
					FBF0C0D42E70DF27005C425B = {
						CreatedOnToolsVersion = 16.4;
						TestTargetID = FBF0C0BB2E70DF25005C425B;
					};
				};
			};
			buildConfigurationList = FBF0C0942E70DF23005C425B /* Build configuration list for PBXProject "CardiacID" */;
			developmentRegion = en;
			hasScannedForEncodings = 0;
			knownRegions = (
				en,
				Base,
			);
			mainGroup = FBF0C0902E70DF23005C425B;
			minimizedProjectReferenceProxies = 1;
			packageReferences = (
				FBD0FA732E73E424008E907A /* XCRemoteSwiftPackageReference "supabase-swift" */,
				FB6A13F92E7A497100F3F65A /* XCRemoteSwiftPackageReference "swift-algorithms" */,
				FB000MSAL2E73E424008E907A /* XCRemoteSwiftPackageReference "microsoft-authentication-library-for-objc" */,
			);
			preferredProjectObjectVersion = 77;
			productRefGroup = FBF0C09A2E70DF24005C425B /* Products */;
			projectDirPath = "";
			projectRoot = "";
			targets = (
				FBF0C0982E70DF24005C425B /* CardiacID */,
				FBF0C0A52E70DF25005C425B /* CardiacIDTests */,
				FBF0C0AF2E70DF25005C425B /* CardiacIDUITests */,
				FBF0C0BB2E70DF25005C425B /* CardiacID Watch App */,
				FBF0C0CA2E70DF27005C425B /* CardiacID Watch AppTests */,
				FBF0C0D42E70DF27005C425B /* CardiacID Watch AppUITests */,
			);
		};
/* End PBXProject section */

/* Begin PBXResourcesBuildPhase section */
		FBF0C0972E70DF24005C425B /* Resources */ = {
			isa = PBXResourcesBuildPhase;
			buildActionMask = 2147483647;
			files = (
			);
			runOnlyForDeploymentPostprocessing = 0;
		};
		FBF0C0A42E70DF25005C425B /* Resources */ = {
			isa = PBXResourcesBuildPhase;
			buildActionMask = 2147483647;
			files = (
			);
			runOnlyForDeploymentPostprocessing = 0;
		};
		FBF0C0AE2E70DF25005C425B /* Resources */ = {
			isa = PBXResourcesBuildPhase;
			buildActionMask = 2147483647;
			files = (
			);
			runOnlyForDeploymentPostprocessing = 0;
		};
		FBF0C0BA2E70DF25005C425B /* Resources */ = {
			isa = PBXResourcesBuildPhase;
			buildActionMask = 2147483647;
			files = (
			);
			runOnlyForDeploymentPostprocessing = 0;
		};
		FBF0C0C92E70DF27005C425B /* Resources */ = {
			isa = PBXResourcesBuildPhase;
			buildActionMask = 2147483647;
			files = (
			);
			runOnlyForDeploymentPostprocessing = 0;
		};
		FBF0C0D32E70DF27005C425B /* Resources */ = {
			isa = PBXResourcesBuildPhase;
			buildActionMask = 2147483647;
			files = (
			);
			runOnlyForDeploymentPostprocessing = 0;
		};
/* End PBXResourcesBuildPhase section */

/* Begin PBXSourcesBuildPhase section */
		FBF0C0952E70DF24005C425B /* Sources */ = {
			isa = PBXSourcesBuildPhase;
			buildActionMask = 2147483647;
			files = (
			);
			runOnlyForDeploymentPostprocessing = 0;
		};
		FBF0C0A22E70DF25005C425B /* Sources */ = {
			isa = PBXSourcesBuildPhase;
			buildActionMask = 2147483647;
			files = (
			);
			runOnlyForDeploymentPostprocessing = 0;
		};
		FBF0C0AC2E70DF25005C425B /* Sources */ = {
			isa = PBXSourcesBuildPhase;
			buildActionMask = 2147483647;
			files = (
			);
			runOnlyForDeploymentPostprocessing = 0;
		};
		FBF0C0B82E70DF25005C425B /* Sources */ = {
			isa = PBXSourcesBuildPhase;
			buildActionMask = 2147483647;
			files = (
			);
			runOnlyForDeploymentPostprocessing = 0;
		};
		FBF0C0C72E70DF27005C425B /* Sources */ = {
			isa = PBXSourcesBuildPhase;
			buildActionMask = 2147483647;
			files = (
			);
			runOnlyForDeploymentPostprocessing = 0;
		};
		FBF0C0D12E70DF27005C425B /* Sources */ = {
			isa = PBXSourcesBuildPhase;
			buildActionMask = 2147483647;
			files = (
			);
			runOnlyForDeploymentPostprocessing = 0;
		};
/* End PBXSourcesBuildPhase section */

/* Begin PBXTargetDependency section */
		FBF0C0A82E70DF25005C425B /* PBXTargetDependency */ = {
			isa = PBXTargetDependency;
			target = FBF0C0982E70DF24005C425B /* CardiacID */;
			targetProxy = FBF0C0A72E70DF25005C425B /* PBXContainerItemProxy */;
		};
		FBF0C0B22E70DF25005C425B /* PBXTargetDependency */ = {
			isa = PBXTargetDependency;
			target = FBF0C0982E70DF24005C425B /* CardiacID */;
			targetProxy = FBF0C0B12E70DF25005C425B /* PBXContainerItemProxy */;
		};
		FBF0C0BF2E70DF25005C425B /* PBXTargetDependency */ = {
			isa = PBXTargetDependency;
			target = FBF0C0BB2E70DF25005C425B /* CardiacID Watch App */;
			targetProxy = FBF0C0BE2E70DF25005C425B /* PBXContainerItemProxy */;
		};
		FBF0C0CD2E70DF27005C425B /* PBXTargetDependency */ = {
			isa = PBXTargetDependency;
			target = FBF0C0BB2E70DF25005C425B /* CardiacID Watch App */;
			targetProxy = FBF0C0CC2E70DF27005C425B /* PBXContainerItemProxy */;
		};
		FBF0C0D72E70DF27005C425B /* PBXTargetDependency */ = {
			isa = PBXTargetDependency;
			target = FBF0C0BB2E70DF25005C425B /* CardiacID Watch App */;
			targetProxy = FBF0C0D62E70DF27005C425B /* PBXContainerItemProxy */;
		};
/* End PBXTargetDependency section */

/* Begin XCBuildConfiguration section */
		FBF0C0DD2E70DF27005C425B /* Debug */ = {
			isa = XCBuildConfiguration;
			buildSettings = {
				ALWAYS_SEARCH_USER_PATHS = NO;
				ASSETCATALOG_COMPILER_GENERATE_SWIFT_ASSET_SYMBOL_EXTENSIONS = YES;
				CLANG_ANALYZER_NONNULL = YES;
				CLANG_ANALYZER_NUMBER_OBJECT_CONVERSION = YES_AGGRESSIVE;
				CLANG_CXX_LANGUAGE_STANDARD = "gnu++20";
				CLANG_ENABLE_MODULES = YES;
				CLANG_ENABLE_OBJC_ARC = YES;
				CLANG_ENABLE_OBJC_WEAK = YES;
				CLANG_WARN_BLOCK_CAPTURE_AUTORELEASING = YES;
				CLANG_WARN_BOOL_CONVERSION = YES;
				CLANG_WARN_COMMA = YES;
				CLANG_WARN_CONSTANT_CONVERSION = YES;
				CLANG_WARN_DEPRECATED_OBJC_IMPLEMENTATIONS = YES;
				CLANG_WARN_DIRECT_OBJC_ISA_USAGE = YES_ERROR;
				CLANG_WARN_DOCUMENTATION_COMMENTS = YES;
				CLANG_WARN_EMPTY_BODY = YES;
				CLANG_WARN_ENUM_CONVERSION = YES;
				CLANG_WARN_INFINITE_RECURSION = YES;
				CLANG_WARN_INT_CONVERSION = YES;
				CLANG_WARN_NON_LITERAL_NULL_CONVERSION = YES;
				CLANG_WARN_OBJC_IMPLICIT_RETAIN_SELF = YES;
				CLANG_WARN_OBJC_LITERAL_CONVERSION = YES;
				CLANG_WARN_OBJC_ROOT_CLASS = YES_ERROR;
				CLANG_WARN_QUOTED_INCLUDE_IN_FRAMEWORK_HEADER = YES;
				CLANG_WARN_RANGE_LOOP_ANALYSIS = YES;
				CLANG_WARN_STRICT_PROTOTYPES = YES;
				CLANG_WARN_SUSPICIOUS_MOVE = YES;
				CLANG_WARN_UNGUARDED_AVAILABILITY = YES_AGGRESSIVE;
				CLANG_WARN_UNREACHABLE_CODE = YES;
				CLANG_WARN__DUPLICATE_METHOD_MATCH = YES;
				COPY_PHASE_STRIP = NO;
				DEBUG_INFORMATION_FORMAT = dwarf;
				DEVELOPMENT_TEAM = PYGGR5786Z;
				ENABLE_STRICT_OBJC_MSGSEND = YES;
				ENABLE_TESTABILITY = YES;
				ENABLE_USER_SCRIPT_SANDBOXING = YES;
				GCC_C_LANGUAGE_STANDARD = gnu17;
				GCC_DYNAMIC_NO_PIC = NO;
				GCC_NO_COMMON_BLOCKS = YES;
				GCC_OPTIMIZATION_LEVEL = 0;
				GCC_PREPROCESSOR_DEFINITIONS = (
					"DEBUG=1",
					"$(inherited)",
				);
				GCC_WARN_64_TO_32_BIT_CONVERSION = YES;
				GCC_WARN_ABOUT_RETURN_TYPE = YES_ERROR;
				GCC_WARN_UNDECLARED_SELECTOR = YES;
				GCC_WARN_UNINITIALIZED_AUTOS = YES_AGGRESSIVE;
				GCC_WARN_UNUSED_FUNCTION = YES;
				GCC_WARN_UNUSED_VARIABLE = YES;
				LOCALIZATION_PREFERS_STRING_CATALOGS = YES;
				MTL_ENABLE_DEBUG_INFO = INCLUDE_SOURCE;
				MTL_FAST_MATH = YES;
				ONLY_ACTIVE_ARCH = YES;
				SWIFT_ACTIVE_COMPILATION_CONDITIONS = "DEBUG $(inherited)";
				SWIFT_OPTIMIZATION_LEVEL = "-Onone";
			};
			name = Debug;
		};
		FBF0C0DE2E70DF27005C425B /* Release */ = {
			isa = XCBuildConfiguration;
			buildSettings = {
				ALWAYS_SEARCH_USER_PATHS = NO;
				ASSETCATALOG_COMPILER_GENERATE_SWIFT_ASSET_SYMBOL_EXTENSIONS = YES;
				CLANG_ANALYZER_NONNULL = YES;
				CLANG_ANALYZER_NUMBER_OBJECT_CONVERSION = YES_AGGRESSIVE;
				CLANG_CXX_LANGUAGE_STANDARD = "gnu++20";
				CLANG_ENABLE_MODULES = YES;
				CLANG_ENABLE_OBJC_ARC = YES;
				CLANG_ENABLE_OBJC_WEAK = YES;
				CLANG_WARN_BLOCK_CAPTURE_AUTORELEASING = YES;
				CLANG_WARN_BOOL_CONVERSION = YES;
				CLANG_WARN_COMMA = YES;
				CLANG_WARN_CONSTANT_CONVERSION = YES;
				CLANG_WARN_DEPRECATED_OBJC_IMPLEMENTATIONS = YES;
				CLANG_WARN_DIRECT_OBJC_ISA_USAGE = YES_ERROR;
				CLANG_WARN_DOCUMENTATION_COMMENTS = YES;
				CLANG_WARN_EMPTY_BODY = YES;
				CLANG_WARN_ENUM_CONVERSION = YES;
				CLANG_WARN_INFINITE_RECURSION = YES;
				CLANG_WARN_INT_CONVERSION = YES;
				CLANG_WARN_NON_LITERAL_NULL_CONVERSION = YES;
				CLANG_WARN_OBJC_IMPLICIT_RETAIN_SELF = YES;
				CLANG_WARN_OBJC_LITERAL_CONVERSION = YES;
				CLANG_WARN_OBJC_ROOT_CLASS = YES_ERROR;
				CLANG_WARN_QUOTED_INCLUDE_IN_FRAMEWORK_HEADER = YES;
				CLANG_WARN_RANGE_LOOP_ANALYSIS = YES;
				CLANG_WARN_STRICT_PROTOTYPES = YES;
				CLANG_WARN_SUSPICIOUS_MOVE = YES;
				CLANG_WARN_UNGUARDED_AVAILABILITY = YES_AGGRESSIVE;
				CLANG_WARN_UNREACHABLE_CODE = YES;
				CLANG_WARN__DUPLICATE_METHOD_MATCH = YES;
				COPY_PHASE_STRIP = NO;
				DEBUG_INFORMATION_FORMAT = "dwarf-with-dsym";
				DEVELOPMENT_TEAM = PYGGR5786Z;
				ENABLE_NS_ASSERTIONS = NO;
				ENABLE_STRICT_OBJC_MSGSEND = YES;
				ENABLE_USER_SCRIPT_SANDBOXING = YES;
				GCC_C_LANGUAGE_STANDARD = gnu17;
				GCC_NO_COMMON_BLOCKS = YES;
				GCC_WARN_64_TO_32_BIT_CONVERSION = YES;
				GCC_WARN_ABOUT_RETURN_TYPE = YES_ERROR;
				GCC_WARN_UNDECLARED_SELECTOR = YES;
				GCC_WARN_UNINITIALIZED_AUTOS = YES_AGGRESSIVE;
				GCC_WARN_UNUSED_FUNCTION = YES;
				GCC_WARN_UNUSED_VARIABLE = YES;
				LOCALIZATION_PREFERS_STRING_CATALOGS = YES;
				MTL_ENABLE_DEBUG_INFO = NO;
				MTL_FAST_MATH = YES;
				SWIFT_COMPILATION_MODE = wholemodule;
			};
			name = Release;
		};
		FBF0C0E02E70DF27005C425B /* Debug */ = {
			isa = XCBuildConfiguration;
			buildSettings = {
				ASSETCATALOG_COMPILER_APPICON_NAME = AppIcon;
				ASSETCATALOG_COMPILER_GLOBAL_ACCENT_COLOR_NAME = AccentColor;
				CODE_SIGN_STYLE = Automatic;
				CURRENT_PROJECT_VERSION = 1;
				DEVELOPMENT_TEAM = PYGGR5786Z;
				ENABLE_PREVIEWS = YES;
				GENERATE_INFOPLIST_FILE = YES;
				INFOPLIST_KEY_CFBundleDisplayName = CardiacID;
				INFOPLIST_KEY_UISupportedInterfaceOrientations = "UIInterfaceOrientationPortrait UIInterfaceOrientationPortraitUpsideDown";
				INFOPLIST_KEY_WKCompanionAppBundleIdentifier = ARGOS.CardiacID;
				LD_RUNPATH_SEARCH_PATHS = (
					"$(inherited)",
					"@executable_path/Frameworks",
				);
				MARKETING_VERSION = 1.0;
				PRODUCT_BUNDLE_IDENTIFIER = ARGOS.CardiacID.watchkitapp;
				PRODUCT_NAME = "$(TARGET_NAME)";
				SDKROOT = watchos;
				SKIP_INSTALL = YES;
				SWIFT_EMIT_LOC_STRINGS = YES;
				SWIFT_VERSION = 5.0;
				TARGETED_DEVICE_FAMILY = 4;
				WATCHOS_DEPLOYMENT_TARGET = 11.5;
			};
			name = Debug;
		};
		FBF0C0E12E70DF27005C425B /* Release */ = {
			isa = XCBuildConfiguration;
			buildSettings = {
				ASSETCATALOG_COMPILER_APPICON_NAME = AppIcon;
				ASSETCATALOG_COMPILER_GLOBAL_ACCENT_COLOR_NAME = AccentColor;
				CODE_SIGN_STYLE = Automatic;
				CURRENT_PROJECT_VERSION = 1;
				DEVELOPMENT_TEAM = PYGGR5786Z;
				ENABLE_PREVIEWS = YES;
				GENERATE_INFOPLIST_FILE = YES;
				INFOPLIST_KEY_CFBundleDisplayName = CardiacID;
				INFOPLIST_KEY_UISupportedInterfaceOrientations = "UIInterfaceOrientationPortrait UIInterfaceOrientationPortraitUpsideDown";
				INFOPLIST_KEY_WKCompanionAppBundleIdentifier = ARGOS.CardiacID;
				LD_RUNPATH_SEARCH_PATHS = (
					"$(inherited)",
					"@executable_path/Frameworks",
				);
				MARKETING_VERSION = 1.0;
				PRODUCT_BUNDLE_IDENTIFIER = ARGOS.CardiacID.watchkitapp;
				PRODUCT_NAME = "$(TARGET_NAME)";
				SDKROOT = watchos;
				SKIP_INSTALL = YES;
				SWIFT_EMIT_LOC_STRINGS = YES;
				SWIFT_VERSION = 5.0;
				TARGETED_DEVICE_FAMILY = 4;
				VALIDATE_PRODUCT = YES;
				WATCHOS_DEPLOYMENT_TARGET = 11.5;
			};
			name = Release;
		};
		FBF0C0E42E70DF27005C425B /* Debug */ = {
			isa = XCBuildConfiguration;
			buildSettings = {
				ASSETCATALOG_COMPILER_APPICON_NAME = AppIcon;
				ASSETCATALOG_COMPILER_GLOBAL_ACCENT_COLOR_NAME = AccentColor;
				CODE_SIGN_STYLE = Automatic;
				CURRENT_PROJECT_VERSION = 1;
				DEVELOPMENT_TEAM = PYGGR5786Z;
				ENABLE_PREVIEWS = YES;
				GENERATE_INFOPLIST_FILE = YES;
				INFOPLIST_KEY_CFBundleDisplayName = CardiacID;
				INFOPLIST_KEY_UIApplicationSceneManifest_Generation = YES;
				INFOPLIST_KEY_UIApplicationSupportsIndirectInputEvents = YES;
				INFOPLIST_KEY_UILaunchScreen_Generation = YES;
				INFOPLIST_KEY_UISupportedInterfaceOrientations_iPad = "UIInterfaceOrientationPortrait UIInterfaceOrientationPortraitUpsideDown UIInterfaceOrientationLandscapeLeft UIInterfaceOrientationLandscapeRight";
				INFOPLIST_KEY_UISupportedInterfaceOrientations_iPhone = "UIInterfaceOrientationPortrait UIInterfaceOrientationLandscapeLeft UIInterfaceOrientationLandscapeRight";
				IPHONEOS_DEPLOYMENT_TARGET = 18.5;
				LD_RUNPATH_SEARCH_PATHS = (
					"$(inherited)",
					"@executable_path/Frameworks",
				);
				MARKETING_VERSION = 1.0;
				PRODUCT_BUNDLE_IDENTIFIER = ARGOS.CardiacID;
				PRODUCT_NAME = "$(TARGET_NAME)";
				SDKROOT = iphoneos;
				SWIFT_EMIT_LOC_STRINGS = YES;
				SWIFT_VERSION = 5.0;
				TARGETED_DEVICE_FAMILY = "1,2";
			};
			name = Debug;
		};
		FBF0C0E52E70DF27005C425B /* Release */ = {
			isa = XCBuildConfiguration;
			buildSettings = {
				ASSETCATALOG_COMPILER_APPICON_NAME = AppIcon;
				ASSETCATALOG_COMPILER_GLOBAL_ACCENT_COLOR_NAME = AccentColor;
				CODE_SIGN_STYLE = Automatic;
				CURRENT_PROJECT_VERSION = 1;
				DEVELOPMENT_TEAM = PYGGR5786Z;
				ENABLE_PREVIEWS = YES;
				GENERATE_INFOPLIST_FILE = YES;
				INFOPLIST_KEY_CFBundleDisplayName = CardiacID;
				INFOPLIST_KEY_UIApplicationSceneManifest_Generation = YES;
				INFOPLIST_KEY_UIApplicationSupportsIndirectInputEvents = YES;
				INFOPLIST_KEY_UILaunchScreen_Generation = YES;
				INFOPLIST_KEY_UISupportedInterfaceOrientations_iPad = "UIInterfaceOrientationPortrait UIInterfaceOrientationPortraitUpsideDown UIInterfaceOrientationLandscapeLeft UIInterfaceOrientationLandscapeRight";
				INFOPLIST_KEY_UISupportedInterfaceOrientations_iPhone = "UIInterfaceOrientationPortrait UIInterfaceOrientationLandscapeLeft UIInterfaceOrientationLandscapeRight";
				IPHONEOS_DEPLOYMENT_TARGET = 18.5;
				LD_RUNPATH_SEARCH_PATHS = (
					"$(inherited)",
					"@executable_path/Frameworks",
				);
				MARKETING_VERSION = 1.0;
				PRODUCT_BUNDLE_IDENTIFIER = ARGOS.CardiacID;
				PRODUCT_NAME = "$(TARGET_NAME)";
				SDKROOT = iphoneos;
				SWIFT_EMIT_LOC_STRINGS = YES;
				SWIFT_VERSION = 5.0;
				TARGETED_DEVICE_FAMILY = "1,2";
				VALIDATE_PRODUCT = YES;
			};
			name = Release;
		};
		FBF0C0E72E70DF27005C425B /* Debug */ = {
			isa = XCBuildConfiguration;
			buildSettings = {
				BUNDLE_LOADER = "$(TEST_HOST)";
				CODE_SIGN_STYLE = Automatic;
				CURRENT_PROJECT_VERSION = 1;
				DEVELOPMENT_TEAM = PYGGR5786Z;
				GENERATE_INFOPLIST_FILE = YES;
				IPHONEOS_DEPLOYMENT_TARGET = 18.5;
				MARKETING_VERSION = 1.0;
				PRODUCT_BUNDLE_IDENTIFIER = ARGOS.CardiacIDTests;
				PRODUCT_NAME = "$(TARGET_NAME)";
				SDKROOT = iphoneos;
				SWIFT_EMIT_LOC_STRINGS = NO;
				SWIFT_VERSION = 5.0;
				TARGETED_DEVICE_FAMILY = "1,2";
				TEST_HOST = "$(BUILT_PRODUCTS_DIR)/CardiacID.app/$(BUNDLE_EXECUTABLE_FOLDER_PATH)/CardiacID";
			};
			name = Debug;
		};
		FBF0C0E82E70DF27005C425B /* Release */ = {
			isa = XCBuildConfiguration;
			buildSettings = {
				BUNDLE_LOADER = "$(TEST_HOST)";
				CODE_SIGN_STYLE = Automatic;
				CURRENT_PROJECT_VERSION = 1;
				DEVELOPMENT_TEAM = PYGGR5786Z;
				GENERATE_INFOPLIST_FILE = YES;
				IPHONEOS_DEPLOYMENT_TARGET = 18.5;
				MARKETING_VERSION = 1.0;
				PRODUCT_BUNDLE_IDENTIFIER = ARGOS.CardiacIDTests;
				PRODUCT_NAME = "$(TARGET_NAME)";
				SDKROOT = iphoneos;
				SWIFT_EMIT_LOC_STRINGS = NO;
				SWIFT_VERSION = 5.0;
				TARGETED_DEVICE_FAMILY = "1,2";
				TEST_HOST = "$(BUILT_PRODUCTS_DIR)/CardiacID.app/$(BUNDLE_EXECUTABLE_FOLDER_PATH)/CardiacID";
				VALIDATE_PRODUCT = YES;
			};
			name = Release;
		};
		FBF0C0EA2E70DF27005C425B /* Debug */ = {
			isa = XCBuildConfiguration;
			buildSettings = {
				CODE_SIGN_STYLE = Automatic;
				CURRENT_PROJECT_VERSION = 1;
				DEVELOPMENT_TEAM = PYGGR5786Z;
				GENERATE_INFOPLIST_FILE = YES;
				IPHONEOS_DEPLOYMENT_TARGET = 18.5;
				MARKETING_VERSION = 1.0;
				PRODUCT_BUNDLE_IDENTIFIER = ARGOS.CardiacIDUITests;
				PRODUCT_NAME = "$(TARGET_NAME)";
				SDKROOT = iphoneos;
				SWIFT_EMIT_LOC_STRINGS = NO;
				SWIFT_VERSION = 5.0;
				TARGETED_DEVICE_FAMILY = "1,2";
				TEST_TARGET_NAME = CardiacID;
			};
			name = Debug;
		};
		FBF0C0EB2E70DF27005C425B /* Release */ = {
			isa = XCBuildConfiguration;
			buildSettings = {
				CODE_SIGN_STYLE = Automatic;
				CURRENT_PROJECT_VERSION = 1;
				DEVELOPMENT_TEAM = PYGGR5786Z;
				GENERATE_INFOPLIST_FILE = YES;
				IPHONEOS_DEPLOYMENT_TARGET = 18.5;
				MARKETING_VERSION = 1.0;
				PRODUCT_BUNDLE_IDENTIFIER = ARGOS.CardiacIDUITests;
				PRODUCT_NAME = "$(TARGET_NAME)";
				SDKROOT = iphoneos;
				SWIFT_EMIT_LOC_STRINGS = NO;
				SWIFT_VERSION = 5.0;
				TARGETED_DEVICE_FAMILY = "1,2";
				TEST_TARGET_NAME = CardiacID;
				VALIDATE_PRODUCT = YES;
			};
			name = Release;
		};
		FBF0C0ED2E70DF27005C425B /* Debug */ = {
			isa = XCBuildConfiguration;
			buildSettings = {
				BUNDLE_LOADER = "$(TEST_HOST)";
				CODE_SIGN_STYLE = Automatic;
				CURRENT_PROJECT_VERSION = 1;
				DEVELOPMENT_TEAM = PYGGR5786Z;
				GENERATE_INFOPLIST_FILE = YES;
				MARKETING_VERSION = 1.0;
				PRODUCT_BUNDLE_IDENTIFIER = "ARGOS.CardiacID-Watch-AppTests";
				PRODUCT_NAME = "$(TARGET_NAME)";
				SDKROOT = watchos;
				SWIFT_EMIT_LOC_STRINGS = NO;
				SWIFT_VERSION = 5.0;
				TARGETED_DEVICE_FAMILY = 4;
				TEST_HOST = "$(BUILT_PRODUCTS_DIR)/CardiacID Watch App.app/$(BUNDLE_EXECUTABLE_FOLDER_PATH)/CardiacID Watch App";
				WATCHOS_DEPLOYMENT_TARGET = 11.5;
			};
			name = Debug;
		};
		FBF0C0EE2E70DF27005C425B /* Release */ = {
			isa = XCBuildConfiguration;
			buildSettings = {
				BUNDLE_LOADER = "$(TEST_HOST)";
				CODE_SIGN_STYLE = Automatic;
				CURRENT_PROJECT_VERSION = 1;
				DEVELOPMENT_TEAM = PYGGR5786Z;
				GENERATE_INFOPLIST_FILE = YES;
				MARKETING_VERSION = 1.0;
				PRODUCT_BUNDLE_IDENTIFIER = "ARGOS.CardiacID-Watch-AppTests";
				PRODUCT_NAME = "$(TARGET_NAME)";
				SDKROOT = watchos;
				SWIFT_EMIT_LOC_STRINGS = NO;
				SWIFT_VERSION = 5.0;
				TARGETED_DEVICE_FAMILY = 4;
				TEST_HOST = "$(BUILT_PRODUCTS_DIR)/CardiacID Watch App.app/$(BUNDLE_EXECUTABLE_FOLDER_PATH)/CardiacID Watch App";
				VALIDATE_PRODUCT = YES;
				WATCHOS_DEPLOYMENT_TARGET = 11.5;
			};
			name = Release;
		};
		FBF0C0F02E70DF27005C425B /* Debug */ = {
			isa = XCBuildConfiguration;
			buildSettings = {
				CODE_SIGN_STYLE = Automatic;
				CURRENT_PROJECT_VERSION = 1;
				DEVELOPMENT_TEAM = PYGGR5786Z;
				GENERATE_INFOPLIST_FILE = YES;
				MARKETING_VERSION = 1.0;
				PRODUCT_BUNDLE_IDENTIFIER = "ARGOS.CardiacID-Watch-AppUITests";
				PRODUCT_NAME = "$(TARGET_NAME)";
				SDKROOT = watchos;
				SWIFT_EMIT_LOC_STRINGS = NO;
				SWIFT_VERSION = 5.0;
				TARGETED_DEVICE_FAMILY = 4;
				TEST_TARGET_NAME = "CardiacID Watch App";
				WATCHOS_DEPLOYMENT_TARGET = 11.5;
			};
			name = Debug;
		};
		FBF0C0F12E70DF27005C425B /* Release */ = {
			isa = XCBuildConfiguration;
			buildSettings = {
				CODE_SIGN_STYLE = Automatic;
				CURRENT_PROJECT_VERSION = 1;
				DEVELOPMENT_TEAM = PYGGR5786Z;
				GENERATE_INFOPLIST_FILE = YES;
				MARKETING_VERSION = 1.0;
				PRODUCT_BUNDLE_IDENTIFIER = "ARGOS.CardiacID-Watch-AppUITests";
				PRODUCT_NAME = "$(TARGET_NAME)";
				SDKROOT = watchos;
				SWIFT_EMIT_LOC_STRINGS = NO;
				SWIFT_VERSION = 5.0;
				TARGETED_DEVICE_FAMILY = 4;
				TEST_TARGET_NAME = "CardiacID Watch App";
				VALIDATE_PRODUCT = YES;
				WATCHOS_DEPLOYMENT_TARGET = 11.5;
			};
			name = Release;
		};
/* End XCBuildConfiguration section */

/* Begin XCConfigurationList section */
		FBF0C0942E70DF23005C425B /* Build configuration list for PBXProject "CardiacID" */ = {
			isa = XCConfigurationList;
			buildConfigurations = (
				FBF0C0DD2E70DF27005C425B /* Debug */,
				FBF0C0DE2E70DF27005C425B /* Release */,
			);
			defaultConfigurationIsVisible = 0;
			defaultConfigurationName = Release;
		};
		FBF0C0DF2E70DF27005C425B /* Build configuration list for PBXNativeTarget "CardiacID Watch App" */ = {
			isa = XCConfigurationList;
			buildConfigurations = (
				FBF0C0E02E70DF27005C425B /* Debug */,
				FBF0C0E12E70DF27005C425B /* Release */,
			);
			defaultConfigurationIsVisible = 0;
			defaultConfigurationName = Release;
		};
		FBF0C0E32E70DF27005C425B /* Build configuration list for PBXNativeTarget "CardiacID" */ = {
			isa = XCConfigurationList;
			buildConfigurations = (
				FBF0C0E42E70DF27005C425B /* Debug */,
				FBF0C0E52E70DF27005C425B /* Release */,
			);
			defaultConfigurationIsVisible = 0;
			defaultConfigurationName = Release;
		};
		FBF0C0E62E70DF27005C425B /* Build configuration list for PBXNativeTarget "CardiacIDTests" */ = {
			isa = XCConfigurationList;
			buildConfigurations = (
				FBF0C0E72E70DF27005C425B /* Debug */,
				FBF0C0E82E70DF27005C425B /* Release */,
			);
			defaultConfigurationIsVisible = 0;
			defaultConfigurationName = Release;
		};
		FBF0C0E92E70DF27005C425B /* Build configuration list for PBXNativeTarget "CardiacIDUITests" */ = {
			isa = XCConfigurationList;
			buildConfigurations = (
				FBF0C0EA2E70DF27005C425B /* Debug */,
				FBF0C0EB2E70DF27005C425B /* Release */,
			);
			defaultConfigurationIsVisible = 0;
			defaultConfigurationName = Release;
		};
		FBF0C0EC2E70DF27005C425B /* Build configuration list for PBXNativeTarget "CardiacID Watch AppTests" */ = {
			isa = XCConfigurationList;
			buildConfigurations = (
				FBF0C0ED2E70DF27005C425B /* Debug */,
				FBF0C0EE2E70DF27005C425B /* Release */,
			);
			defaultConfigurationIsVisible = 0;
			defaultConfigurationName = Release;
		};
		FBF0C0EF2E70DF27005C425B /* Build configuration list for PBXNativeTarget "CardiacID Watch AppUITests" */ = {
			isa = XCConfigurationList;
			buildConfigurations = (
				FBF0C0F02E70DF27005C425B /* Debug */,
				FBF0C0F12E70DF27005C425B /* Release */,
			);
			defaultConfigurationIsVisible = 0;
			defaultConfigurationName = Release;
		};
/* End XCConfigurationList section */

/* Begin XCRemoteSwiftPackageReference section */
		FB6A13F92E7A497100F3F65A /* XCRemoteSwiftPackageReference "swift-algorithms" */ = {
			isa = XCRemoteSwiftPackageReference;
			repositoryURL = "https://github.com/apple/swift-algorithms.git";
			requirement = {
				kind = upToNextMajorVersion;
				minimumVersion = 1.2.1;
			};
		};
		FBD0FA732E73E424008E907A /* XCRemoteSwiftPackageReference "supabase-swift" */ = {
			isa = XCRemoteSwiftPackageReference;
			repositoryURL = "https://github.com/supabase/supabase-swift.git";
			requirement = {
				kind = upToNextMajorVersion;
				minimumVersion = 2.37.0;
			};
		};
		FB000MSAL2E73E424008E907A /* XCRemoteSwiftPackageReference "microsoft-authentication-library-for-objc" */ = {
			isa = XCRemoteSwiftPackageReference;
			repositoryURL = "https://github.com/AzureAD/microsoft-authentication-library-for-objc.git";
			requirement = {
				kind = upToNextMajorVersion;
				minimumVersion = 2.5.1;
			};
		};
/* End XCRemoteSwiftPackageReference section */
	};
	rootObject = FBF0C0912E70DF23005C425B /* Project object */;
}
